<?xml version="1.0" encoding="utf-8"?>
<Project ToolsVersion="4.0" xmlns="http://schemas.microsoft.com/developer/msbuild/2003">
  <ItemGroup>
    <Filter Include="Misc">
      <UniqueIdentifier>{2eef9cf6-64c0-41fb-8e4e-7a7c4108902b}</UniqueIdentifier>
    </Filter>
    <Filter Include="Public Headers">
      <UniqueIdentifier>{dae2cde2-be55-4af7-8c30-85ad959299bb}</UniqueIdentifier>
    </Filter>
  </ItemGroup>
  <ItemGroup>
    <ClCompile Include="Buffer.cpp" />
    <ClCompile Include="Lexer.cpp" />
    <ClCompile Include="ExpParser.cpp" />
    <ClCompile Include="TypeExpParser.cpp" />
    <ClCompile Include="ParserMisc.cpp" />
    <ClCompile Include="StmtParser.cpp" />
    <ClCompile Include="ScriptParser.cpp" />
    <ClCompile Include="Buffer.ixx">
      <Filter>Public Headers</Filter>
    </ClCompile>
    <ClCompile Include="ExpParser.ixx">
      <Filter>Public Headers</Filter>
    </ClCompile>
    <ClCompile Include="Lexer.ixx">
      <Filter>Public Headers</Filter>
    </ClCompile>
    <ClCompile Include="ScriptParser.ixx">
      <Filter>Public Headers</Filter>
    </ClCompile>
    <ClCompile Include="StmtParser.ixx">
      <Filter>Public Headers</Filter>
    </ClCompile>
    <ClCompile Include="TypeExpParser.ixx">
      <Filter>Public Headers</Filter>
    </ClCompile>
    <ClCompile Include="ParserMisc.ixx" />
    <ClCompile Include="HeaderUnits.ixx">
      <Filter>Public Headers</Filter>
    </ClCompile>
  </ItemGroup>
  <ItemGroup>
    <ClInclude Include="Public\TextAnalysis\TextAnalysisConfig.h">
      <Filter>Public Headers</Filter>
    </ClInclude>
  </ItemGroup>
  <ItemGroup>
    <None Include="vcpkg.json" />
    <None Include="vcpkg-configuration.json" />
  </ItemGroup>
</Project>