<?xml version="1.0" encoding="utf-8"?>
<Project ToolsVersion="4.0" xmlns="http://schemas.microsoft.com/developer/msbuild/2003">
  <ItemGroup>
    <Filter Include="Misc">
      <UniqueIdentifier>{2eef9cf6-64c0-41fb-8e4e-7a7c4108902b}</UniqueIdentifier>
    </Filter>
    <Filter Include="Public Headers">
      <UniqueIdentifier>{dae2cde2-be55-4af7-8c30-85ad959299bb}</UniqueIdentifier>
    </Filter>
  </ItemGroup>
  <ItemGroup>
    <ClCompile Include="pch.cpp">
      <Filter>Misc</Filter>
    </ClCompile>
    <ClCompile Include="Buffer.cpp" />
    <ClCompile Include="BufferPosition.cpp" />
    <ClCompile Include="Lexer.cpp" />
    <ClCompile Include="ExpParser.cpp" />
    <ClCompile Include="TypeExpParser.cpp" />
    <ClCompile Include="ParserMisc.cpp" />
    <ClCompile Include="StmtParser.cpp" />
    <ClCompile Include="ScriptParser.cpp" />
  </ItemGroup>
  <ItemGroup>
    <ClInclude Include="pch.h">
      <Filter>Misc</Filter>
    </ClInclude>
    <ClInclude Include="ParserMisc.h" />
    <ClInclude Include="Public\TextAnalysis\TextAnalysisConfig.h">
      <Filter>Public Headers</Filter>
    </ClInclude>
    <ClInclude Include="Public\TextAnalysis\ScriptParser.h">
      <Filter>Public Headers</Filter>
    </ClInclude>
    <ClInclude Include="Public\TextAnalysis\BufferPosition.h">
      <Filter>Public Headers</Filter>
    </ClInclude>
    <ClInclude Include="Public\TextAnalysis\Lexer.h">
      <Filter>Public Headers</Filter>
    </ClInclude>
    <ClInclude Include="Public\TextAnalysis\Buffer.h">
      <Filter>Public Headers</Filter>
    </ClInclude>
    <ClInclude Include="Public\TextAnalysis\ExpParser.h">
      <Filter>Public Headers</Filter>
    </ClInclude>
    <ClInclude Include="Public\TextAnalysis\StmtParser.h">
      <Filter>Public Headers</Filter>
    </ClInclude>
    <ClInclude Include="Public\TextAnalysis\TypeExpParser.h">
      <Filter>Public Headers</Filter>
    </ClInclude>
  </ItemGroup>
  <ItemGroup>
    <None Include="vcpkg.json" />
    <None Include="vcpkg-configuration.json" />
  </ItemGroup>
</Project>