<?xml version="1.0" encoding="utf-8"?>
<Project ToolsVersion="4.0" xmlns="http://schemas.microsoft.com/developer/msbuild/2003">
  <ItemGroup>
    <ClCompile Include="QBlock.cpp" />
    <ClCompile Include="QFactory.cpp" />
    <ClCompile Include="QValues.cpp" />
    <ClCompile Include="QData.cpp" />
  </ItemGroup>
  <ItemGroup>
    <ClInclude Include="Public\QIR\QValues.h" />
    <ClInclude Include="Public\QIR\QBlock.h">
      <Filter>Public Headers</Filter>
    </ClInclude>
    <ClInclude Include="Public\QIR\QData.h">
      <Filter>Public Headers</Filter>
    </ClInclude>
    <ClInclude Include="Public\QIR\QFactory.h">
      <Filter>Public Headers</Filter>
    </ClInclude>
    <ClInclude Include="Public\QIR\QFuncBody.h">
      <Filter>Public Headers</Filter>
    </ClInclude>
    <ClInclude Include="Public\QIR\QInsts.h">
      <Filter>Public Headers</Filter>
    </ClInclude>
    <ClInclude Include="Public\QIR\QIRConfig.h">
      <Filter>Public Headers</Filter>
    </ClInclude>
    <ClInclude Include="Public\QIR\QTypes.h">
      <Filter>Public Headers</Filter>
    </ClInclude>
  </ItemGroup>
  <ItemGroup>
    <Filter Include="Public Headers">
      <UniqueIdentifier>{45fb7dcd-9c18-485b-b040-f2dbbbd7308d}</UniqueIdentifier>
    </Filter>
  </ItemGroup>
</Project>