<?xml version="1.0" encoding="utf-8"?>
<Project ToolsVersion="4.0" xmlns="http://schemas.microsoft.com/developer/msbuild/2003">
  <ItemGroup>
    <ClInclude Include="IR1Config.h" />
  </ItemGroup>
  <ItemGroup>
    <Filter Include="QDecls">
      <UniqueIdentifier>{0085969b-c97f-4e01-8882-3e051c1b47d6}</UniqueIdentifier>
    </Filter>
    <Filter Include="KDecls">
      <UniqueIdentifier>{50c8b0e8-23eb-46fb-bcf5-c90627ed1080}</UniqueIdentifier>
    </Filter>
  </ItemGroup>
</Project>