<?xml version="1.0" encoding="utf-8"?>
<Project ToolsVersion="4.0" xmlns="http://schemas.microsoft.com/developer/msbuild/2003">
  <ItemGroup>
    <Filter Include="Public Headers">
      <UniqueIdentifier>{95d94fac-8b76-45c5-afc7-22a545677ad2}</UniqueIdentifier>
    </Filter>
  </ItemGroup>
  <ItemGroup>
    <ClInclude Include="Public\IR1\IR1Config.h">
      <Filter>Public Headers</Filter>
    </ClInclude>
    <ClInclude Include="Public\IR1\QBlock.h">
      <Filter>Public Headers</Filter>
    </ClInclude>
    <ClInclude Include="Public\IR1\QFactory.h">
      <Filter>Public Headers</Filter>
    </ClInclude>
    <ClInclude Include="Public\IR1\QInsts.h">
      <Filter>Public Headers</Filter>
    </ClInclude>
    <ClInclude Include="Public\IR1\QValues.h">
      <Filter>Public Headers</Filter>
    </ClInclude>
  </ItemGroup>
  <ItemGroup>
    <ClCompile Include="QBlock.cpp" />
    <ClCompile Include="QFactory.cpp" />
    <ClCompile Include="QValues.cpp" />
  </ItemGroup>
</Project>