<?xml version="1.0" encoding="utf-8"?>
<Project ToolsVersion="4.0" xmlns="http://schemas.microsoft.com/developer/msbuild/2003">
  <ItemGroup>
    <Filter Include="Source Files">
      <UniqueIdentifier>{4FC737F1-C7A5-4376-A066-2A32D752A2FF}</UniqueIdentifier>
      <Extensions>cpp;c;cc;cxx;c++;cppm;ixx;def;odl;idl;hpj;bat;asm;asmx</Extensions>
    </Filter>
    <Filter Include="Header Files">
      <UniqueIdentifier>{93995380-89BD-4b04-88EB-625FBE52EBFB}</UniqueIdentifier>
      <Extensions>h;hh;hpp;hxx;h++;hm;inl;inc;ipp;xsd</Extensions>
    </Filter>
    <Filter Include="Resource Files">
      <UniqueIdentifier>{67DA6AB6-F800-4c08-8B7A-83BB121AAD01}</UniqueIdentifier>
      <Extensions>rc;ico;cur;bmp;dlg;rc2;rct;bin;rgs;gif;jpg;jpeg;jpe;resx;tiff;tif;png;wav;mfcribbon-ms</Extensions>
    </Filter>
    <Filter Include="Inputs">
      <UniqueIdentifier>{00ad683a-d907-4c33-ab97-00d4f7d52cba}</UniqueIdentifier>
    </Filter>
    <Filter Include="Inputs\ScriptParserTests">
      <UniqueIdentifier>{b0a5f80d-3a7e-45c4-aec3-790c52641257}</UniqueIdentifier>
    </Filter>
    <Filter Include="Inputs\TypeExpParserTests">
      <UniqueIdentifier>{a30a0ed5-acdd-4edd-be34-05d0f973e8e3}</UniqueIdentifier>
    </Filter>
    <Filter Include="Inputs\StmtParserTests">
      <UniqueIdentifier>{98b08a6f-22cc-44dc-a4aa-f9d42d468d4a}</UniqueIdentifier>
    </Filter>
    <Filter Include="Inputs\ExpParserTests">
      <UniqueIdentifier>{f9a1df3b-2c76-422f-b8c1-00f155add667}</UniqueIdentifier>
    </Filter>
  </ItemGroup>
  <ItemGroup>
    <ClCompile Include="TestGenerator.cpp">
      <Filter>Source Files</Filter>
    </ClCompile>
  </ItemGroup>
  <ItemGroup>
    <Text Include="..\..\..\data\TestData\ScriptParserTests\ParseComplexScript.in.txt">
      <Filter>Inputs\ScriptParserTests</Filter>
    </Text>
    <Text Include="..\..\..\data\TestData\ScriptParserTests\ParseComplexScript.out.txt">
      <Filter>Inputs\ScriptParserTests</Filter>
    </Text>
    <Text Include="..\..\..\data\TestData\ScriptParserTests\ParseEnumDecl.in.txt">
      <Filter>Inputs\ScriptParserTests</Filter>
    </Text>
    <Text Include="..\..\..\data\TestData\ScriptParserTests\ParseEnumDecl.out.txt">
      <Filter>Inputs\ScriptParserTests</Filter>
    </Text>
    <Text Include="..\..\..\data\TestData\ScriptParserTests\ParseFuncDecl.in.txt">
      <Filter>Inputs\ScriptParserTests</Filter>
    </Text>
    <Text Include="..\..\..\data\TestData\ScriptParserTests\ParseFuncDecl.out.txt">
      <Filter>Inputs\ScriptParserTests</Filter>
    </Text>
    <Text Include="..\..\..\data\TestData\ScriptParserTests\ParseNamespaceDecl.in.txt">
      <Filter>Inputs\ScriptParserTests</Filter>
    </Text>
    <Text Include="..\..\..\data\TestData\ScriptParserTests\ParseNamespaceDecl.out.txt">
      <Filter>Inputs\ScriptParserTests</Filter>
    </Text>
    <Text Include="..\..\..\data\TestData\ScriptParserTests\ParseSimpleScript.in.txt">
      <Filter>Inputs\ScriptParserTests</Filter>
    </Text>
    <Text Include="..\..\..\data\TestData\ScriptParserTests\ParseSimpleScript.out.txt">
      <Filter>Inputs\ScriptParserTests</Filter>
    </Text>
    <Text Include="..\..\..\data\TestData\ScriptParserTests\ParseStructDecl.in.txt">
      <Filter>Inputs\ScriptParserTests</Filter>
    </Text>
    <Text Include="..\..\..\data\TestData\ScriptParserTests\ParseStructDecl.out.txt">
      <Filter>Inputs\ScriptParserTests</Filter>
    </Text>
    <Text Include="..\..\..\data\TestData\TypeExpParserTests\Shared_ParseAmbiguousPtrAndShared.fail.txt">
      <Filter>Inputs\TypeExpParserTests</Filter>
    </Text>
    <Text Include="..\..\..\data\TestData\TypeExpParserTests\Shared_ParseAmbiguousPtrAndShared.in.txt">
      <Filter>Inputs\TypeExpParserTests</Filter>
    </Text>
    <Text Include="..\..\..\data\TestData\TypeExpParserTests\Shared_ParseSharedOfIdChain.in.txt">
      <Filter>Inputs\TypeExpParserTests</Filter>
    </Text>
    <Text Include="..\..\..\data\TestData\TypeExpParserTests\Shared_ParseSharedOfIdChain.out.txt">
      <Filter>Inputs\TypeExpParserTests</Filter>
    </Text>
    <Text Include="..\..\..\data\TestData\TypeExpParserTests\Shared_ParseNestedBoxPtrs.fail.txt">
      <Filter>Inputs\TypeExpParserTests</Filter>
    </Text>
    <Text Include="..\..\..\data\TestData\TypeExpParserTests\Shared_ParseNestedBoxPtrs.in.txt">
      <Filter>Inputs\TypeExpParserTests</Filter>
    </Text>
    <Text Include="..\..\..\data\TestData\TypeExpParserTests\Ptr_ParsePtrOfIdChain.in.txt">
      <Filter>Inputs\TypeExpParserTests</Filter>
    </Text>
    <Text Include="..\..\..\data\TestData\TypeExpParserTests\Ptr_ParsePtrOfIdChain.out.txt">
      <Filter>Inputs\TypeExpParserTests</Filter>
    </Text>
    <Text Include="..\..\..\data\TestData\TypeExpParserTests\Ptr_ParsePtrOfNullableRaw.fail.txt">
      <Filter>Inputs\TypeExpParserTests</Filter>
    </Text>
    <Text Include="..\..\..\data\TestData\TypeExpParserTests\Ptr_ParsePtrOfNullableRaw.in.txt">
      <Filter>Inputs\TypeExpParserTests</Filter>
    </Text>
    <Text Include="..\..\..\data\TestData\TypeExpParserTests\Ptr_ParseNestedPtrs.in.txt">
      <Filter>Inputs\TypeExpParserTests</Filter>
    </Text>
    <Text Include="..\..\..\data\TestData\TypeExpParserTests\Ptr_ParseNestedPtrs.out.txt">
      <Filter>Inputs\TypeExpParserTests</Filter>
    </Text>
    <Text Include="..\..\..\data\TestData\TypeExpParserTests\Nullable_ParseDoubleQuestionMark.fail.txt">
      <Filter>Inputs\TypeExpParserTests</Filter>
    </Text>
    <Text Include="..\..\..\data\TestData\TypeExpParserTests\Nullable_ParseDoubleQuestionMark.in.txt">
      <Filter>Inputs\TypeExpParserTests</Filter>
    </Text>
    <Text Include="..\..\..\data\TestData\TypeExpParserTests\Nullable_ParseIdChainNullable.in.txt">
      <Filter>Inputs\TypeExpParserTests</Filter>
    </Text>
    <Text Include="..\..\..\data\TestData\TypeExpParserTests\Nullable_ParseIdChainNullable.out.txt">
      <Filter>Inputs\TypeExpParserTests</Filter>
    </Text>
    <Text Include="..\..\..\data\TestData\TypeExpParserTests\Nullable_ParseNullableShared.in.txt">
      <Filter>Inputs\TypeExpParserTests</Filter>
    </Text>
    <Text Include="..\..\..\data\TestData\TypeExpParserTests\Nullable_ParseNullableShared.fail.txt">
      <Filter>Inputs\TypeExpParserTests</Filter>
    </Text>
    <Text Include="..\..\..\data\TestData\TypeExpParserTests\Nullable_ParseNullablePtr.in.txt">
      <Filter>Inputs\TypeExpParserTests</Filter>
    </Text>
    <Text Include="..\..\..\data\TestData\TypeExpParserTests\Nullable_ParseNullablePtr.failed.txt">
      <Filter>Inputs\TypeExpParserTests</Filter>
    </Text>
    <Text Include="..\..\..\data\TestData\TypeExpParserTests\Shared_ParseShared.in.txt">
      <Filter>Inputs\TypeExpParserTests</Filter>
    </Text>
    <Text Include="..\..\..\data\TestData\TypeExpParserTests\Shared_ParseShared.out.txt">
      <Filter>Inputs\TypeExpParserTests</Filter>
    </Text>
    <Text Include="..\..\..\data\TestData\TypeExpParserTests\TopLevel_ParseIdChain.in.txt">
      <Filter>Inputs\TypeExpParserTests</Filter>
    </Text>
    <Text Include="..\..\..\data\TestData\TypeExpParserTests\TopLevel_ParseIdChain.out.txt">
      <Filter>Inputs\TypeExpParserTests</Filter>
    </Text>
    <Text Include="..\..\..\data\TestData\TypeExpParserTests\Ptr_ParsePtr.in.txt">
      <Filter>Inputs\TypeExpParserTests</Filter>
    </Text>
    <Text Include="..\..\..\data\TestData\TypeExpParserTests\Ptr_ParsePtr.out.txt">
      <Filter>Inputs\TypeExpParserTests</Filter>
    </Text>
    <Text Include="..\..\..\data\TestData\TypeExpParserTests\Nullable_ParseNullable.in.txt">
      <Filter>Inputs\TypeExpParserTests</Filter>
    </Text>
    <Text Include="..\..\..\data\TestData\TypeExpParserTests\Nullable_ParseNullable.out.txt">
      <Filter>Inputs\TypeExpParserTests</Filter>
    </Text>
    <Text Include="..\..\..\data\TestData\StmtParserTests\ParseBlankStmt.in.txt">
      <Filter>Inputs\StmtParserTests</Filter>
    </Text>
    <Text Include="..\..\..\data\TestData\StmtParserTests\ParseBlankStmt.out.txt">
      <Filter>Inputs\StmtParserTests</Filter>
    </Text>
    <Text Include="..\..\..\data\TestData\StmtParserTests\ParseBlockCommandStmt.in.txt">
      <Filter>Inputs\StmtParserTests</Filter>
    </Text>
    <Text Include="..\..\..\data\TestData\StmtParserTests\ParseBlockCommandStmt.out.txt">
      <Filter>Inputs\StmtParserTests</Filter>
    </Text>
    <Text Include="..\..\..\data\TestData\StmtParserTests\ParseBlockStmt.in.txt">
      <Filter>Inputs\StmtParserTests</Filter>
    </Text>
    <Text Include="..\..\..\data\TestData\StmtParserTests\ParseBlockStmt.out.txt">
      <Filter>Inputs\StmtParserTests</Filter>
    </Text>
    <Text Include="..\..\..\data\TestData\StmtParserTests\ParseBoxPtrVarDeclStmt.in.txt">
      <Filter>Inputs\StmtParserTests</Filter>
    </Text>
    <Text Include="..\..\..\data\TestData\StmtParserTests\ParseBoxPtrVarDeclStmt.out.txt">
      <Filter>Inputs\StmtParserTests</Filter>
    </Text>
    <Text Include="..\..\..\data\TestData\StmtParserTests\ParseBreakStmt.in.txt">
      <Filter>Inputs\StmtParserTests</Filter>
    </Text>
    <Text Include="..\..\..\data\TestData\StmtParserTests\ParseBreakStmt.out.txt">
      <Filter>Inputs\StmtParserTests</Filter>
    </Text>
    <Text Include="..\..\..\data\TestData\StmtParserTests\ParseContinueStmt.in.txt">
      <Filter>Inputs\StmtParserTests</Filter>
    </Text>
    <Text Include="..\..\..\data\TestData\StmtParserTests\ParseContinueStmt.out.txt">
      <Filter>Inputs\StmtParserTests</Filter>
    </Text>
    <Text Include="..\..\..\data\TestData\StmtParserTests\ParseDirectiveStmt.in.txt">
      <Filter>Inputs\StmtParserTests</Filter>
    </Text>
    <Text Include="..\..\..\data\TestData\StmtParserTests\ParseDirectiveStmt.out.txt">
      <Filter>Inputs\StmtParserTests</Filter>
    </Text>
    <Text Include="..\..\..\data\TestData\StmtParserTests\ParseExpStmt.in.txt">
      <Filter>Inputs\StmtParserTests</Filter>
    </Text>
    <Text Include="..\..\..\data\TestData\StmtParserTests\ParseExpStmt.out.txt">
      <Filter>Inputs\StmtParserTests</Filter>
    </Text>
    <Text Include="..\..\..\data\TestData\StmtParserTests\ParseForeachStmt.in.txt">
      <Filter>Inputs\StmtParserTests</Filter>
    </Text>
    <Text Include="..\..\..\data\TestData\StmtParserTests\ParseForeachStmt.out.txt">
      <Filter>Inputs\StmtParserTests</Filter>
    </Text>
    <Text Include="..\..\..\data\TestData\StmtParserTests\ParseForStmt.in.txt">
      <Filter>Inputs\StmtParserTests</Filter>
    </Text>
    <Text Include="..\..\..\data\TestData\StmtParserTests\ParseForStmt.out.txt">
      <Filter>Inputs\StmtParserTests</Filter>
    </Text>
    <Text Include="..\..\..\data\TestData\StmtParserTests\ParseIfIsExpCondStmt.in.txt">
      <Filter>Inputs\StmtParserTests</Filter>
    </Text>
    <Text Include="..\..\..\data\TestData\StmtParserTests\ParseIfIsExpCondStmt.out.txt">
      <Filter>Inputs\StmtParserTests</Filter>
    </Text>
    <Text Include="..\..\..\data\TestData\StmtParserTests\ParseIfStmt.in.txt">
      <Filter>Inputs\StmtParserTests</Filter>
    </Text>
    <Text Include="..\..\..\data\TestData\StmtParserTests\ParseIfStmt.out.txt">
      <Filter>Inputs\StmtParserTests</Filter>
    </Text>
    <Text Include="..\..\..\data\TestData\StmtParserTests\ParseIfTestStmtWithVarName.in.txt">
      <Filter>Inputs\StmtParserTests</Filter>
    </Text>
    <Text Include="..\..\..\data\TestData\StmtParserTests\ParseIfTestStmtWithVarName.out.txt">
      <Filter>Inputs\StmtParserTests</Filter>
    </Text>
    <Text Include="..\..\..\data\TestData\StmtParserTests\ParseInlineCommandStmt.in.txt">
      <Filter>Inputs\StmtParserTests</Filter>
    </Text>
    <Text Include="..\..\..\data\TestData\StmtParserTests\ParseInlineCommandStmt.out.txt">
      <Filter>Inputs\StmtParserTests</Filter>
    </Text>
    <Text Include="..\..\..\data\TestData\StmtParserTests\ParseLocalPtrVarDeclStmt.in.txt">
      <Filter>Inputs\StmtParserTests</Filter>
    </Text>
    <Text Include="..\..\..\data\TestData\StmtParserTests\ParseLocalPtrVarDeclStmt.out.txt">
      <Filter>Inputs\StmtParserTests</Filter>
    </Text>
    <Text Include="..\..\..\data\TestData\StmtParserTests\ParseNullableVarDeclStmt.in.txt">
      <Filter>Inputs\StmtParserTests</Filter>
    </Text>
    <Text Include="..\..\..\data\TestData\StmtParserTests\ParseNullableVarDeclStmt.out.txt">
      <Filter>Inputs\StmtParserTests</Filter>
    </Text>
    <Text Include="..\..\..\data\TestData\StmtParserTests\ParseVarDeclStmt.in.txt">
      <Filter>Inputs\StmtParserTests</Filter>
    </Text>
    <Text Include="..\..\..\data\TestData\StmtParserTests\ParseVarDeclStmt.out.txt">
      <Filter>Inputs\StmtParserTests</Filter>
    </Text>
    <Text Include="..\..\..\data\TestData\ExpParserTests\ParseBoolFalse.in.txt">
      <Filter>Inputs\ExpParserTests</Filter>
    </Text>
    <Text Include="..\..\..\data\TestData\ExpParserTests\ParseBoolFalse.out.txt">
      <Filter>Inputs\ExpParserTests</Filter>
    </Text>
    <Text Include="..\..\..\data\TestData\ExpParserTests\ParseBoolTrue.in.txt">
      <Filter>Inputs\ExpParserTests</Filter>
    </Text>
    <Text Include="..\..\..\data\TestData\ExpParserTests\ParseBoolTrue.out.txt">
      <Filter>Inputs\ExpParserTests</Filter>
    </Text>
    <Text Include="..\..\..\data\TestData\ExpParserTests\ParseComplexExp.in.txt">
      <Filter>Inputs\ExpParserTests</Filter>
    </Text>
    <Text Include="..\..\..\data\TestData\ExpParserTests\ParseComplexExp.out.txt">
      <Filter>Inputs\ExpParserTests</Filter>
    </Text>
    <Text Include="..\..\..\data\TestData\ExpParserTests\ParseComplexMemberExpSyntax.in.txt">
      <Filter>Inputs\ExpParserTests</Filter>
    </Text>
    <Text Include="..\..\..\data\TestData\ExpParserTests\ParseComplexMemberExpSyntax.out.txt">
      <Filter>Inputs\ExpParserTests</Filter>
    </Text>
    <Text Include="..\..\..\data\TestData\ExpParserTests\ParseIdentifier.in.txt">
      <Filter>Inputs\ExpParserTests</Filter>
    </Text>
    <Text Include="..\..\..\data\TestData\ExpParserTests\ParseIdentifier.out.txt">
      <Filter>Inputs\ExpParserTests</Filter>
    </Text>
    <Text Include="..\..\..\data\TestData\ExpParserTests\ParseIdentifierExpWithTypeArgs.in.txt">
      <Filter>Inputs\ExpParserTests</Filter>
    </Text>
    <Text Include="..\..\..\data\TestData\ExpParserTests\ParseIdentifierExpWithTypeArgs.out.txt">
      <Filter>Inputs\ExpParserTests</Filter>
    </Text>
    <Text Include="..\..\..\data\TestData\ExpParserTests\ParseIndirectMemberExp.in.txt">
      <Filter>Inputs\ExpParserTests</Filter>
    </Text>
    <Text Include="..\..\..\data\TestData\ExpParserTests\ParseIndirectMemberExp.out.txt">
      <Filter>Inputs\ExpParserTests</Filter>
    </Text>
    <Text Include="..\..\..\data\TestData\ExpParserTests\ParseInt.in.txt">
      <Filter>Inputs\ExpParserTests</Filter>
    </Text>
    <Text Include="..\..\..\data\TestData\ExpParserTests\ParseInt.out.txt">
      <Filter>Inputs\ExpParserTests</Filter>
    </Text>
    <Text Include="..\..\..\data\TestData\ExpParserTests\ParseLambdaExp.in.txt">
      <Filter>Inputs\ExpParserTests</Filter>
    </Text>
    <Text Include="..\..\..\data\TestData\ExpParserTests\ParseLambdaExp.out.txt">
      <Filter>Inputs\ExpParserTests</Filter>
    </Text>
    <Text Include="..\..\..\data\TestData\ExpParserTests\ParseListExp.in.txt">
      <Filter>Inputs\ExpParserTests</Filter>
    </Text>
    <Text Include="..\..\..\data\TestData\ExpParserTests\ParseListExp.out.txt">
      <Filter>Inputs\ExpParserTests</Filter>
    </Text>
    <Text Include="..\..\..\data\TestData\ExpParserTests\ParseNewExp.in.txt">
      <Filter>Inputs\ExpParserTests</Filter>
    </Text>
    <Text Include="..\..\..\data\TestData\ExpParserTests\ParseNewExp.out.txt">
      <Filter>Inputs\ExpParserTests</Filter>
    </Text>
    <Text Include="..\..\..\data\TestData\ExpParserTests\ParsePrimaryExp.in.txt">
      <Filter>Inputs\ExpParserTests</Filter>
    </Text>
    <Text Include="..\..\..\data\TestData\ExpParserTests\ParsePrimaryExp.out.txt">
      <Filter>Inputs\ExpParserTests</Filter>
    </Text>
    <Text Include="..\..\..\data\TestData\ExpParserTests\ParseStringExp.in.txt">
      <Filter>Inputs\ExpParserTests</Filter>
    </Text>
    <Text Include="..\..\..\data\TestData\ExpParserTests\ParseStringExp.out.txt">
      <Filter>Inputs\ExpParserTests</Filter>
    </Text>
    <Text Include="..\..\..\data\TestData\ExpParserTests\ParseTestAndTypeTestExp.in.txt">
      <Filter>Inputs\ExpParserTests</Filter>
    </Text>
    <Text Include="..\..\..\data\TestData\ExpParserTests\ParseTestAndTypeTestExp.out.txt">
      <Filter>Inputs\ExpParserTests</Filter>
    </Text>
    <Text Include="..\..\..\data\TestData\TypeExpParserTests\Shared_ParseSharedOfNullableRaw.fail.txt">
      <Filter>Inputs\TypeExpParserTests</Filter>
    </Text>
    <Text Include="..\..\..\data\TestData\TypeExpParserTests\Shared_ParseSharedOfNullableRaw.in.txt">
      <Filter>Inputs\TypeExpParserTests</Filter>
    </Text>
    <Text Include="..\..\..\data\TestData\TypeExpParserTests\Shared_FormalShared.in.txt">
      <Filter>Inputs\TypeExpParserTests</Filter>
    </Text>
    <Text Include="..\..\..\data\TestData\TypeExpParserTests\Shared_FormalShared.out.txt">
      <Filter>Inputs\TypeExpParserTests</Filter>
    </Text>
  </ItemGroup>
</Project>