<?xml version="1.0" encoding="utf-8"?>
<Project ToolsVersion="4.0" xmlns="http://schemas.microsoft.com/developer/msbuild/2003">
  <ItemGroup>
    <ClCompile Include="SyntaxIR0Translator.cpp" />
    <ClCompile Include="EnumTranslation.cpp" />
    <ClCompile Include="StructTranslation.cpp" />
    <ClCompile Include="CommonTranslation.cpp" />
    <ClCompile Include="MemberDeclPhaseContext.cpp" />
    <ClCompile Include="BodyPhaseContext.cpp" />
    <ClCompile Include="FuncsWithPartialTypeArgsComponent.cpp" />
    <ClCompile Include="ImExp.cpp">
      <Filter>ExpTranslation\Structure</Filter>
    </ClCompile>
    <ClCompile Include="IrExp.cpp">
      <Filter>ExpTranslation\Structure</Filter>
    </ClCompile>
    <ClCompile Include="ReExp.cpp">
      <Filter>ExpTranslation\Structure</Filter>
    </ClCompile>
    <ClCompile Include="DesignatedDiagnostic.cpp" />
    <ClCompile Include="Misc.cpp" />
    <ClCompile Include="SExpToImExpTranslation.cpp">
      <Filter>ExpTranslation\SExpTranslation</Filter>
    </ClCompile>
    <ClCompile Include="SExpToNLocTranslation.cpp">
      <Filter>ExpTranslation\SExpTranslation</Filter>
    </ClCompile>
    <ClCompile Include="SExpToNExpTranslation.cpp">
      <Filter>ExpTranslation\SExpTranslation</Filter>
    </ClCompile>
    <ClCompile Include="SExpToReExpTranslation.cpp">
      <Filter>ExpTranslation\SExpTranslation</Filter>
    </ClCompile>
    <ClCompile Include="SExpRefToNExpTranslation.cpp">
      <Filter>ExpTranslation\SExpRefTranslation</Filter>
    </ClCompile>
    <ClCompile Include="SExpRefToIrExpTranslation.cpp">
      <Filter>ExpTranslation\SExpRefTranslation</Filter>
    </ClCompile>
    <ClCompile Include="ReExpToNLocTranslation.cpp">
      <Filter>ExpTranslation\ReExpTranslation</Filter>
    </ClCompile>
    <ClCompile Include="ReExpToNExpTranslation.cpp">
      <Filter>ExpTranslation\ReExpTranslation</Filter>
    </ClCompile>
    <ClCompile Include="IrExpToNExpTranslation.cpp">
      <Filter>ExpTranslation\IrExpTranslation</Filter>
    </ClCompile>
    <ClCompile Include="ImExpToReExpTranslation.cpp">
      <Filter>ExpTranslation\ImExpTranslation</Filter>
    </ClCompile>
    <ClCompile Include="ImExpToIrExpTranslation.cpp">
      <Filter>ExpTranslation\ImExpTranslation</Filter>
    </ClCompile>
    <ClCompile Include="BinOpQueryService.cpp">
      <Filter>ExpTranslation</Filter>
    </ClCompile>
    <ClCompile Include="IrExpAndMemberNameToIrExpTranslation.cpp">
      <Filter>ExpTranslation\IrExpTranslation</Filter>
    </ClCompile>
    <ClCompile Include="ImExpAndMemberNameToImExpTranslation.cpp">
      <Filter>ExpTranslation\ImExpTranslation</Filter>
    </ClCompile>
    <ClCompile Include="ImCallableAndSArgsToNExpTranslation.cpp">
      <Filter>ExpTranslation\ImExpTranslation</Filter>
    </ClCompile>
    <ClCompile Include="RFuncAndRArgsToNExpTranslation.cpp" />
    <ClCompile Include="FuncMatching.cpp">
      <Filter>ExpTranslation</Filter>
    </ClCompile>
    <ClCompile Include="SStmtToNStmtTranslation.cpp">
      <Filter>StmtTranslation</Filter>
    </ClCompile>
    <ClCompile Include="SVarDeclToNStmtsTranslation.cpp">
      <Filter>StmtTranslation</Filter>
    </ClCompile>
    <ClCompile Include="FuncContext.cpp">
      <Filter>Context</Filter>
    </ClCompile>
    <ClCompile Include="ScopeContext.cpp">
      <Filter>Context</Filter>
    </ClCompile>
    <ClCompile Include="TranslationContext.cpp">
      <Filter>Context</Filter>
    </ClCompile>
    <ClCompile Include="ModuleDecls.cpp" />
    <ClCompile Include="DeclTypeInfo.cpp" />
    <ClCompile Include="FuncContext.ixx">
      <Filter>Context</Filter>
    </ClCompile>
    <ClCompile Include="ScopeContext.ixx">
      <Filter>Context</Filter>
    </ClCompile>
    <ClCompile Include="TranslationContext.ixx">
      <Filter>Context</Filter>
    </ClCompile>
    <ClCompile Include="ImCallableAndSArgsToNExpTranslation.ixx">
      <Filter>ExpTranslation\ImExpTranslation</Filter>
    </ClCompile>
    <ClCompile Include="ImExpAndMemberNameToImExpTranslation.ixx">
      <Filter>ExpTranslation\ImExpTranslation</Filter>
    </ClCompile>
    <ClCompile Include="ImExpToIrExpTranslation.ixx">
      <Filter>ExpTranslation\ImExpTranslation</Filter>
    </ClCompile>
    <ClCompile Include="ImExpToReExpTranslation.ixx">
      <Filter>ExpTranslation\ImExpTranslation</Filter>
    </ClCompile>
    <ClCompile Include="IrExpAndMemberNameToIrExpTranslation.ixx">
      <Filter>ExpTranslation\IrExpTranslation</Filter>
    </ClCompile>
    <ClCompile Include="IrExpToNExpTranslation.ixx">
      <Filter>ExpTranslation\IrExpTranslation</Filter>
    </ClCompile>
    <ClCompile Include="ReExpToNExpTranslation.ixx">
      <Filter>ExpTranslation\ReExpTranslation</Filter>
    </ClCompile>
    <ClCompile Include="ReExpToNLocTranslation.ixx">
      <Filter>ExpTranslation\ReExpTranslation</Filter>
    </ClCompile>
    <ClCompile Include="SExpRefToIrExpTranslation.ixx">
      <Filter>ExpTranslation\SExpRefTranslation</Filter>
    </ClCompile>
    <ClCompile Include="SExpRefToNExpTranslation.ixx">
      <Filter>ExpTranslation\SExpRefTranslation</Filter>
    </ClCompile>
    <ClCompile Include="SExpToImExpTranslation.ixx">
      <Filter>ExpTranslation\SExpTranslation</Filter>
    </ClCompile>
    <ClCompile Include="SExpToNExpTranslation.ixx">
      <Filter>ExpTranslation\SExpTranslation</Filter>
    </ClCompile>
    <ClCompile Include="SExpToNLocTranslation.ixx">
      <Filter>ExpTranslation\SExpTranslation</Filter>
    </ClCompile>
    <ClCompile Include="SExpToReExpTranslation.ixx">
      <Filter>ExpTranslation\SExpTranslation</Filter>
    </ClCompile>
    <ClCompile Include="ImExp.ixx">
      <Filter>ExpTranslation\Structure</Filter>
    </ClCompile>
    <ClCompile Include="IrExp.ixx">
      <Filter>ExpTranslation\Structure</Filter>
    </ClCompile>
    <ClCompile Include="ReExp.ixx">
      <Filter>ExpTranslation\Structure</Filter>
    </ClCompile>
    <ClCompile Include="BinOpQueryService.ixx">
      <Filter>ExpTranslation</Filter>
    </ClCompile>
    <ClCompile Include="FuncMatching.ixx">
      <Filter>ExpTranslation</Filter>
    </ClCompile>
    <ClCompile Include="SStmtToNStmtTranslation.ixx">
      <Filter>StmtTranslation</Filter>
    </ClCompile>
    <ClCompile Include="SVarDeclToNStmtsTranslation.ixx">
      <Filter>StmtTranslation</Filter>
    </ClCompile>
    <ClCompile Include="BodyPhaseContext.ixx" />
    <ClCompile Include="CommonTranslation.ixx" />
    <ClCompile Include="DeclTypeInfo.ixx" />
    <ClCompile Include="DesignatedDiagnostic.ixx" />
    <ClCompile Include="EnumTranslation.ixx" />
    <ClCompile Include="FuncsWithPartialTypeArgsComponent.ixx" />
    <ClCompile Include="MemberDeclPhaseContext.ixx" />
    <ClCompile Include="Misc.ixx" />
    <ClCompile Include="ModuleDecls.ixx" />
    <ClCompile Include="RFuncAndRArgsToNExpTranslation.ixx" />
    <ClCompile Include="SkeletonPhaseContext.ixx" />
    <ClCompile Include="StructTranslation.ixx" />
    <ClCompile Include="SyntaxIR0Translator.ixx" />
    <ClCompile Include="SyntaxIR0Translator-HeaderUnits.ixx" />
    <ClCompile Include="ResolveIdentifierError.ixx" />
    <ClCompile Include="ResolveIdentifierError.cpp" />
    <ClCompile Include="SkeletonPhaseContext.cpp" />
  </ItemGroup>
  <ItemGroup>
    <ClInclude Include="SyntaxIR0TranslatorConfig.h" />
  </ItemGroup>
  <ItemGroup>
    <Filter Include="ExpTranslation">
      <UniqueIdentifier>{03c3728c-c718-44e1-8592-694e97217657}</UniqueIdentifier>
    </Filter>
    <Filter Include="ExpTranslation\Structure">
      <UniqueIdentifier>{338c8a7c-395b-4c1f-9cb8-b4bd409a7dca}</UniqueIdentifier>
    </Filter>
    <Filter Include="ExpTranslation\SExpTranslation">
      <UniqueIdentifier>{889fe72a-ee0f-4131-bd85-73b0af2e49aa}</UniqueIdentifier>
    </Filter>
    <Filter Include="ExpTranslation\SExpRefTranslation">
      <UniqueIdentifier>{b1483fff-8170-47c5-b0b8-fd47414f150c}</UniqueIdentifier>
    </Filter>
    <Filter Include="ExpTranslation\ReExpTranslation">
      <UniqueIdentifier>{c05d8b10-e97b-4c71-ae3a-93f1a4f9c97b}</UniqueIdentifier>
    </Filter>
    <Filter Include="ExpTranslation\IrExpTranslation">
      <UniqueIdentifier>{24884e89-104d-4052-a062-7fb006e06a31}</UniqueIdentifier>
    </Filter>
    <Filter Include="ExpTranslation\ImExpTranslation">
      <UniqueIdentifier>{b36f1fb1-f92b-4a42-9d35-8c5b7a81b468}</UniqueIdentifier>
    </Filter>
    <Filter Include="StmtTranslation">
      <UniqueIdentifier>{1e07f995-fee8-46af-aca6-65775f5d7413}</UniqueIdentifier>
    </Filter>
    <Filter Include="Context">
      <UniqueIdentifier>{71f12024-77ba-4bd3-8447-8685b9e9d2c1}</UniqueIdentifier>
    </Filter>
  </ItemGroup>
</Project>