<?xml version="1.0" encoding="utf-8"?>
<Project ToolsVersion="4.0" xmlns="http://schemas.microsoft.com/developer/msbuild/2003">
  <ItemGroup>
    <ClCompile Include="main.cpp" />
    <ClCompile Include="pch.cpp" />
    <ClCompile Include="SyntaxIR0Translator.cpp" />
    <ClCompile Include="EnumTranslation.cpp" />
    <ClCompile Include="StructTranslation.cpp" />
    <ClCompile Include="CommonTranslation.cpp" />
    <ClCompile Include="MemberDeclPhaseContext.cpp" />
    <ClCompile Include="BodyPhaseContext.cpp" />
    <ClCompile Include="StmtTranslation.cpp" />
    <ClCompile Include="ScopeContext.cpp" />
    <ClCompile Include="FuncsWithPartialTypeArgsComponent.cpp" />
    <ClCompile Include="IrExpToRExpTranslation.cpp">
      <Filter>ExpTranslation</Filter>
    </ClCompile>
    <ClCompile Include="ImExpToReExpTranslation.cpp">
      <Filter>ExpTranslation</Filter>
    </ClCompile>
    <ClCompile Include="ImExp.cpp">
      <Filter>ExpTranslation\Structure</Filter>
    </ClCompile>
    <ClCompile Include="IrExp.cpp">
      <Filter>ExpTranslation\Structure</Filter>
    </ClCompile>
    <ClCompile Include="ReExp.cpp">
      <Filter>ExpTranslation\Structure</Filter>
    </ClCompile>
    <ClCompile Include="ImExpToIrExpTranslation.cpp">
      <Filter>ExpTranslation</Filter>
    </ClCompile>
  </ItemGroup>
  <ItemGroup>
    <ClInclude Include="pch.h" />
    <ClInclude Include="SyntaxIR0Translator.h" />
    <ClInclude Include="SyntaxIR0TranslatorConfig.h" />
    <ClInclude Include="EnumTranslation.h" />
    <ClInclude Include="SkeletonPhaseContext.h" />
    <ClInclude Include="MemberDeclPhaseContext.h" />
    <ClInclude Include="StructTranslation.h" />
    <ClInclude Include="CommonTranslation.h" />
    <ClInclude Include="BodyPhaseContext.h" />
    <ClInclude Include="StmtTranslation.h" />
    <ClInclude Include="ScopeContext.h" />
    <ClInclude Include="FuncsWithPartialTypeArgsComponent.h" />
    <ClInclude Include="IrExpToRExpTranslation.h">
      <Filter>ExpTranslation</Filter>
    </ClInclude>
    <ClInclude Include="ImExpToReExpTranslation.h">
      <Filter>ExpTranslation</Filter>
    </ClInclude>
    <ClInclude Include="ImExp.h">
      <Filter>ExpTranslation\Structure</Filter>
    </ClInclude>
    <ClInclude Include="IrExp.h">
      <Filter>ExpTranslation\Structure</Filter>
    </ClInclude>
    <ClInclude Include="ReExp.h">
      <Filter>ExpTranslation\Structure</Filter>
    </ClInclude>
    <ClInclude Include="ImExpToIrExpTranslation.h">
      <Filter>ExpTranslation</Filter>
    </ClInclude>
  </ItemGroup>
  <ItemGroup>
    <Filter Include="ExpTranslation">
      <UniqueIdentifier>{03c3728c-c718-44e1-8592-694e97217657}</UniqueIdentifier>
    </Filter>
    <Filter Include="ExpTranslation\Structure">
      <UniqueIdentifier>{338c8a7c-395b-4c1f-9cb8-b4bd409a7dca}</UniqueIdentifier>
    </Filter>
  </ItemGroup>
</Project>