<?xml version="1.0" encoding="utf-8"?>
<Project ToolsVersion="4.0" xmlns="http://schemas.microsoft.com/developer/msbuild/2003">
  <ItemGroup>
    <ClCompile Include="SyntaxIR0Translator.cpp" />
    <ClCompile Include="CommonTranslation.cpp" />
    <ClCompile Include="BuildTypeDependentSymbolContext.cpp" />
    <ClCompile Include="TranslateBodyContext.cpp" />
    <ClCompile Include="FuncsWithPartialTypeArgsComponent.cpp" />
    <ClCompile Include="ImExp.cpp">
      <Filter>ExpTranslation\Structure</Filter>
    </ClCompile>
    <ClCompile Include="IrExp.cpp">
      <Filter>ExpTranslation\Structure</Filter>
    </ClCompile>
    <ClCompile Include="ReExp.cpp">
      <Filter>ExpTranslation\Structure</Filter>
    </ClCompile>
    <ClCompile Include="DesignatedDiagnostic.cpp" />
    <ClCompile Include="Misc.cpp" />
    <ClCompile Include="SExpToImExpTranslation.cpp">
      <Filter>ExpTranslation\SExpTranslation</Filter>
    </ClCompile>
    <ClCompile Include="SExpToMLocTranslation.cpp">
      <Filter>ExpTranslation\SExpTranslation</Filter>
    </ClCompile>
    <ClCompile Include="SExpToMExpTranslation.cpp">
      <Filter>ExpTranslation\SExpTranslation</Filter>
    </ClCompile>
    <ClCompile Include="SExpToReExpTranslation.cpp">
      <Filter>ExpTranslation\SExpTranslation</Filter>
    </ClCompile>
    <ClCompile Include="SExpRefToMExpTranslation.cpp">
      <Filter>ExpTranslation\SExpRefTranslation</Filter>
    </ClCompile>
    <ClCompile Include="SExpRefToIrExpTranslation.cpp">
      <Filter>ExpTranslation\SExpRefTranslation</Filter>
    </ClCompile>
    <ClCompile Include="ReExpToMLocTranslation.cpp">
      <Filter>ExpTranslation\ReExpTranslation</Filter>
    </ClCompile>
    <ClCompile Include="ReExpToMExpTranslation.cpp">
      <Filter>ExpTranslation\ReExpTranslation</Filter>
    </ClCompile>
    <ClCompile Include="IrExpToMExpTranslation.cpp">
      <Filter>ExpTranslation\IrExpTranslation</Filter>
    </ClCompile>
    <ClCompile Include="ImExpToReExpTranslation.cpp">
      <Filter>ExpTranslation\ImExpTranslation</Filter>
    </ClCompile>
    <ClCompile Include="ImExpToIrExpTranslation.cpp">
      <Filter>ExpTranslation\ImExpTranslation</Filter>
    </ClCompile>
    <ClCompile Include="BinOpQueryService.cpp">
      <Filter>ExpTranslation</Filter>
    </ClCompile>
    <ClCompile Include="IrExpAndMemberNameToIrExpTranslation.cpp">
      <Filter>ExpTranslation\IrExpTranslation</Filter>
    </ClCompile>
    <ClCompile Include="ImExpAndMemberNameToImExpTranslation.cpp">
      <Filter>ExpTranslation\ImExpTranslation</Filter>
    </ClCompile>
    <ClCompile Include="ImCallableAndSArgsToMExpTranslation.cpp">
      <Filter>ExpTranslation\ImExpTranslation</Filter>
    </ClCompile>
    <ClCompile Include="RFuncAndRArgsToMExpTranslation.cpp" />
    <ClCompile Include="FuncMatching.cpp">
      <Filter>ExpTranslation</Filter>
    </ClCompile>
    <ClCompile Include="SStmtToMStmtTranslation.cpp">
      <Filter>StmtTranslation</Filter>
    </ClCompile>
    <ClCompile Include="SVarDeclToMStmtsTranslation.cpp">
      <Filter>StmtTranslation</Filter>
    </ClCompile>
    <ClCompile Include="FuncContext.cpp">
      <Filter>Context</Filter>
    </ClCompile>
    <ClCompile Include="ScopeContext.cpp">
      <Filter>Context</Filter>
    </ClCompile>
    <ClCompile Include="TranslationContext.cpp">
      <Filter>Context</Filter>
    </ClCompile>
    <ClCompile Include="ModuleDecls.cpp" />
    <ClCompile Include="DeclTypeInfo.cpp" />
    <ClCompile Include="ResolveIdentifierError.cpp" />
    <ClCompile Include="SRTFactory.cpp" />
    <ClCompile Include="GlobalFuncTask.cpp" />
    <ClCompile Include="PhaseManager.cpp" />
    <ClCompile Include="StructTask.cpp" />
    <ClCompile Include="ResolveTypeHierarchyContext.cpp" />
    <ClCompile Include="StructFuncTask.cpp" />
    <ClCompile Include="StructCtorTask.cpp" />
    <ClCompile Include="StructVarTask.cpp" />
    <ClCompile Include="EnumElemVarTask.cpp" />
  </ItemGroup>
  <ItemGroup>
    <ClInclude Include="FuncContext.h">
      <Filter>Context</Filter>
    </ClInclude>
    <ClInclude Include="ScopeContext.h">
      <Filter>Context</Filter>
    </ClInclude>
    <ClInclude Include="TranslationContext.h">
      <Filter>Context</Filter>
    </ClInclude>
    <ClInclude Include="ImCallableAndSArgsToMExpTranslation.h">
      <Filter>ExpTranslation\ImExpTranslation</Filter>
    </ClInclude>
    <ClInclude Include="ImExpAndMemberNameToImExpTranslation.h">
      <Filter>ExpTranslation\ImExpTranslation</Filter>
    </ClInclude>
    <ClInclude Include="ImExpToIrExpTranslation.h">
      <Filter>ExpTranslation\ImExpTranslation</Filter>
    </ClInclude>
    <ClInclude Include="ImExpToReExpTranslation.h">
      <Filter>ExpTranslation\ImExpTranslation</Filter>
    </ClInclude>
    <ClInclude Include="IrExpAndMemberNameToIrExpTranslation.h">
      <Filter>ExpTranslation\IrExpTranslation</Filter>
    </ClInclude>
    <ClInclude Include="IrExpToMExpTranslation.h">
      <Filter>ExpTranslation\IrExpTranslation</Filter>
    </ClInclude>
    <ClInclude Include="ReExpToMExpTranslation.h">
      <Filter>ExpTranslation\ReExpTranslation</Filter>
    </ClInclude>
    <ClInclude Include="ReExpToMLocTranslation.h">
      <Filter>ExpTranslation\ReExpTranslation</Filter>
    </ClInclude>
    <ClInclude Include="SExpRefToIrExpTranslation.h">
      <Filter>ExpTranslation\SExpRefTranslation</Filter>
    </ClInclude>
    <ClInclude Include="SExpRefToMExpTranslation.h">
      <Filter>ExpTranslation\SExpRefTranslation</Filter>
    </ClInclude>
    <ClInclude Include="SExpToImExpTranslation.h">
      <Filter>ExpTranslation\SExpTranslation</Filter>
    </ClInclude>
    <ClInclude Include="SExpToMExpTranslation.h">
      <Filter>ExpTranslation\SExpTranslation</Filter>
    </ClInclude>
    <ClInclude Include="SExpToMLocTranslation.h">
      <Filter>ExpTranslation\SExpTranslation</Filter>
    </ClInclude>
    <ClInclude Include="SExpToReExpTranslation.h">
      <Filter>ExpTranslation\SExpTranslation</Filter>
    </ClInclude>
    <ClInclude Include="ImExp.h">
      <Filter>ExpTranslation\Structure</Filter>
    </ClInclude>
    <ClInclude Include="IrExp.h">
      <Filter>ExpTranslation\Structure</Filter>
    </ClInclude>
    <ClInclude Include="ReExp.h">
      <Filter>ExpTranslation\Structure</Filter>
    </ClInclude>
    <ClInclude Include="BinOpQueryService.h">
      <Filter>ExpTranslation</Filter>
    </ClInclude>
    <ClInclude Include="FuncMatching.h">
      <Filter>ExpTranslation</Filter>
    </ClInclude>
    <ClInclude Include="SStmtToMStmtTranslation.h">
      <Filter>StmtTranslation</Filter>
    </ClInclude>
    <ClInclude Include="SVarDeclToMStmtsTranslation.h">
      <Filter>StmtTranslation</Filter>
    </ClInclude>
    <ClInclude Include="TranslateBodyContext.h" />
    <ClInclude Include="CommonTranslation.h" />
    <ClInclude Include="DeclTypeInfo.h" />
    <ClInclude Include="DesignatedDiagnostic.h" />
    <ClInclude Include="FuncsWithPartialTypeArgsComponent.h" />
    <ClInclude Include="BuildTypeDependentSymbolContext.h" />
    <ClInclude Include="Misc.h" />
    <ClInclude Include="ModuleDecls.h" />
    <ClInclude Include="RFuncAndRArgsToMExpTranslation.h" />
    <ClInclude Include="ResolveIdentifierError.h" />
    <ClInclude Include="SRTFactory.h" />
    <ClInclude Include="Public\SyntaxIR0Translator\SyntaxIR0Translator.h">
      <Filter>Public Headers</Filter>
    </ClInclude>
    <ClInclude Include="Public\SyntaxIR0Translator\SyntaxIR0TranslatorConfig.h">
      <Filter>Public Headers</Filter>
    </ClInclude>
    <ClInclude Include="GlobalFuncTask.h" />
    <ClInclude Include="PhaseManager.h" />
    <ClInclude Include="StructTask.h" />
    <ClInclude Include="TranslationTasks.h" />
    <ClInclude Include="ResolveTypeHierarchyContext.h" />
    <ClInclude Include="StructFuncTask.h" />
    <ClInclude Include="StructCtorTask.h" />
    <ClInclude Include="StructVarTask.h" />
    <ClInclude Include="EnumElemVarTask.h" />
  </ItemGroup>
  <ItemGroup>
    <Filter Include="ExpTranslation">
      <UniqueIdentifier>{03c3728c-c718-44e1-8592-694e97217657}</UniqueIdentifier>
    </Filter>
    <Filter Include="ExpTranslation\Structure">
      <UniqueIdentifier>{338c8a7c-395b-4c1f-9cb8-b4bd409a7dca}</UniqueIdentifier>
    </Filter>
    <Filter Include="ExpTranslation\SExpTranslation">
      <UniqueIdentifier>{889fe72a-ee0f-4131-bd85-73b0af2e49aa}</UniqueIdentifier>
    </Filter>
    <Filter Include="ExpTranslation\SExpRefTranslation">
      <UniqueIdentifier>{b1483fff-8170-47c5-b0b8-fd47414f150c}</UniqueIdentifier>
    </Filter>
    <Filter Include="ExpTranslation\ReExpTranslation">
      <UniqueIdentifier>{c05d8b10-e97b-4c71-ae3a-93f1a4f9c97b}</UniqueIdentifier>
    </Filter>
    <Filter Include="ExpTranslation\IrExpTranslation">
      <UniqueIdentifier>{24884e89-104d-4052-a062-7fb006e06a31}</UniqueIdentifier>
    </Filter>
    <Filter Include="ExpTranslation\ImExpTranslation">
      <UniqueIdentifier>{b36f1fb1-f92b-4a42-9d35-8c5b7a81b468}</UniqueIdentifier>
    </Filter>
    <Filter Include="StmtTranslation">
      <UniqueIdentifier>{1e07f995-fee8-46af-aca6-65775f5d7413}</UniqueIdentifier>
    </Filter>
    <Filter Include="Context">
      <UniqueIdentifier>{71f12024-77ba-4bd3-8447-8685b9e9d2c1}</UniqueIdentifier>
    </Filter>
    <Filter Include="Public Headers">
      <UniqueIdentifier>{0a442679-8d7f-49a0-8403-92d752158c97}</UniqueIdentifier>
    </Filter>
  </ItemGroup>
</Project>