
Microsoft Visual Studio Solution File, Format Version 12.00
# Visual Studio 2012
Project("{FAE04EC0-301F-11D3-BF4B-00C04F79EFBC}") = "ParserGenerator", "ParserGenerator.csproj", "{A906BD30-79EB-4130-9296-00372D6717DE}"
EndProject
Global
	GlobalSection(SolutionConfigurationPlatforms) = preSolution
		Debug|Any CPU = Debug|Any CPU
		Release|Any CPU = Release|Any CPU
	EndGlobalSection
	GlobalSection(ProjectConfigurationPlatforms) = postSolution
		{A906BD30-79EB-4130-9296-00372D6717DE}.Debug|Any CPU.ActiveCfg = Debug|Any CPU
		{A906BD30-79EB-4130-9296-00372D6717DE}.Debug|Any CPU.Build.0 = Debug|Any CPU
		{A906BD30-79EB-4130-9296-00372D6717DE}.Release|Any CPU.ActiveCfg = Release|Any CPU
		{A906BD30-79EB-4130-9296-00372D6717DE}.Release|Any CPU.Build.0 = Release|Any CPU
	EndGlobalSection
	GlobalSection(SolutionProperties) = preSolution
		HideSolutionNode = FALSE
	EndGlobalSection
EndGlobal
