<?xml version="1.0" encoding="utf-8"?>
<Project ToolsVersion="4.0" xmlns="http://schemas.microsoft.com/developer/msbuild/2003">
  <ItemGroup>
    <ClCompile Include="SmTranslator.cpp" />
    <ClCompile Include="CommonTranslation.cpp" />
    <ClCompile Include="ImExp.cpp">
      <Filter>ExpTranslation\Structure</Filter>
    </ClCompile>
    <ClCompile Include="IrExp.cpp">
      <Filter>ExpTranslation\Structure</Filter>
    </ClCompile>
    <ClCompile Include="ReExp.cpp">
      <Filter>ExpTranslation\Structure</Filter>
    </ClCompile>
    <ClCompile Include="DesignatedDiagnostic.cpp" />
    <ClCompile Include="Misc.cpp" />
    <ClCompile Include="BinOpQueryService.cpp">
      <Filter>ExpTranslation</Filter>
    </ClCompile>
    <ClCompile Include="RFuncAndRArgsToMExpTranslation.cpp" />
    <ClCompile Include="FuncMatching.cpp">
      <Filter>ExpTranslation</Filter>
    </ClCompile>
    <ClCompile Include="SStmtToMStmt.cpp">
      <Filter>StmtTranslation</Filter>
    </ClCompile>
    <ClCompile Include="SVarDeclToMStmts.cpp">
      <Filter>StmtTranslation</Filter>
    </ClCompile>
    <ClCompile Include="SmFuncContext.cpp">
      <Filter>Context</Filter>
    </ClCompile>
    <ClCompile Include="SmScopeContext.cpp">
      <Filter>Context</Filter>
    </ClCompile>
    <ClCompile Include="ModuleDecls.cpp" />
    <ClCompile Include="SmFactory.cpp" />
    <ClCompile Include="SmGlobalContext.cpp" />
    <ClCompile Include="SmTranslationContexts.cpp">
      <Filter>Context</Filter>
    </ClCompile>
    <ClCompile Include="SmFuncContext_FuncDecl.cpp">
      <Filter>Context</Filter>
    </ClCompile>
    <ClCompile Include="SmFuncContext_Lambda.cpp">
      <Filter>Context</Filter>
    </ClCompile>
    <ClCompile Include="IrExpToMLoc.cpp">
      <Filter>ExpTranslation\SExpToMIR\2_SExpToMSharedExp</Filter>
    </ClCompile>
    <ClCompile Include="IrExpToMSharedExp.cpp">
      <Filter>ExpTranslation\SExpToMIR\2_SExpToMSharedExp</Filter>
    </ClCompile>
    <ClCompile Include="SmBodyRes.cpp">
      <Filter>Context</Filter>
    </ClCompile>
    <ClCompile Include="SExp_IdentifierToImExp.cpp">
      <Filter>ExpTranslation\SExpToMIR\0_SExpToReExp\0_SExpToImExp</Filter>
    </ClCompile>
    <ClCompile Include="SExpToImExp.cpp">
      <Filter>ExpTranslation\SExpToMIR\0_SExpToReExp\0_SExpToImExp</Filter>
    </ClCompile>
    <ClCompile Include="SExp_CallToImExp.cpp">
      <Filter>ExpTranslation\SExpToMIR\0_SExpToReExp\0_SExpToImExp</Filter>
    </ClCompile>
    <ClCompile Include="SExp_MemberToImExp.cpp">
      <Filter>ExpTranslation\SExpToMIR\0_SExpToReExp\0_SExpToImExp</Filter>
    </ClCompile>
    <ClCompile Include="SExpToReExp.cpp">
      <Filter>ExpTranslation\SExpToMIR\0_SExpToReExp</Filter>
    </ClCompile>
    <ClCompile Include="ImExpToReExp.cpp">
      <Filter>ExpTranslation\SExpToMIR\0_SExpToReExp\1_ImExpToReExp</Filter>
    </ClCompile>
    <ClCompile Include="ReExpToMIR.cpp">
      <Filter>ExpTranslation\SExpToMIR\1_ReExpToMIR</Filter>
    </ClCompile>
    <ClCompile Include="SExpTranslations.cpp">
      <Filter>ExpTranslation\SExpToMIR</Filter>
    </ClCompile>
    <ClCompile Include="SExp_IdentifierToIrExp.cpp">
      <Filter>ExpTranslation\SExpToMIR\2_SExpToMSharedExp\SExpToIrExp</Filter>
    </ClCompile>
    <ClCompile Include="SExp_MemberToIrExp.cpp">
      <Filter>ExpTranslation\SExpToMIR\2_SExpToMSharedExp\SExpToIrExp</Filter>
    </ClCompile>
    <ClCompile Include="ImExpTranslations.cpp">
      <Filter>ExpTranslation\SExpToMIR\0_SExpToReExp</Filter>
    </ClCompile>
    <ClCompile Include="SExpToIrExp.cpp">
      <Filter>ExpTranslation\SExpToMIR\2_SExpToMSharedExp\SExpToIrExp</Filter>
    </ClCompile>
    <ClCompile Include="GlobalFuncTask.cpp">
      <Filter>DeclTranslation</Filter>
    </ClCompile>
    <ClCompile Include="EnumElemVarTask.cpp">
      <Filter>DeclTranslation\EnumTranslation</Filter>
    </ClCompile>
    <ClCompile Include="StructCtorTask.cpp">
      <Filter>DeclTranslation\StructTranslation</Filter>
    </ClCompile>
    <ClCompile Include="StructDtorTask.cpp">
      <Filter>DeclTranslation\StructTranslation</Filter>
    </ClCompile>
    <ClCompile Include="StructFuncTask.cpp">
      <Filter>DeclTranslation\StructTranslation</Filter>
    </ClCompile>
    <ClCompile Include="StructTask.cpp">
      <Filter>DeclTranslation\StructTranslation</Filter>
    </ClCompile>
    <ClCompile Include="StructVarTask.cpp">
      <Filter>DeclTranslation\StructTranslation</Filter>
    </ClCompile>
    <ClCompile Include="TraitFuncTask.cpp">
      <Filter>DeclTranslation\TraitTranslation</Filter>
    </ClCompile>
    <ClCompile Include="ImplTraitTask.cpp">
      <Filter>DeclTranslation\TraitTranslation</Filter>
    </ClCompile>
    <ClCompile Include="BuildNonTypeSymbolContext.cpp">
      <Filter>TranslationPhase</Filter>
    </ClCompile>
    <ClCompile Include="BuildTypeHierarchyContext.cpp">
      <Filter>TranslationPhase</Filter>
    </ClCompile>
    <ClCompile Include="BuildImplicitSymbolContext.cpp">
      <Filter>TranslationPhase</Filter>
    </ClCompile>
    <ClCompile Include="TranslateBodyContext.cpp">
      <Filter>TranslationPhase</Filter>
    </ClCompile>
    <ClCompile Include="PostBuildNonTypeSymbolContext.cpp">
      <Filter>TranslationPhase</Filter>
    </ClCompile>
    <ClCompile Include="SmPhaseManager.cpp">
      <Filter>TranslationPhase</Filter>
    </ClCompile>
    <ClCompile Include="SmDeclRes.cpp">
      <Filter>00_Structure</Filter>
    </ClCompile>
    <ClCompile Include="SmTypeRes.cpp">
      <Filter>00_Structure</Filter>
    </ClCompile>
    <ClCompile Include="SmDeclContext.cpp">
      <Filter>Context</Filter>
    </ClCompile>
    <ClCompile Include="SmDeclContext_ClassDecl.cpp">
      <Filter>Context</Filter>
    </ClCompile>
    <ClCompile Include="SmTypeUtil.cpp">
      <Filter>Context</Filter>
    </ClCompile>
    <ClCompile Include="SmTypeTranslation.cpp">
      <Filter>TypeTranslation</Filter>
    </ClCompile>
    <ClCompile Include="ImplTraitFuncTask.cpp">
      <Filter>DeclTranslation</Filter>
    </ClCompile>
    <ClCompile Include="STypeExpToImTypeExp.cpp">
      <Filter>TypeTranslation\STypeExpToReTypeExp\1_STypeExpToImTypeExp</Filter>
    </ClCompile>
    <ClCompile Include="STypeExp_IdToImTypeExp.cpp">
      <Filter>TypeTranslation\STypeExpToReTypeExp\1_STypeExpToImTypeExp</Filter>
    </ClCompile>
    <ClCompile Include="SmTypeResolveScope.cpp">
      <Filter>TypeTranslation</Filter>
    </ClCompile>
    <ClCompile Include="STypeExp_MemberToImTypeExp.cpp">
      <Filter>TypeTranslation\STypeExpToReTypeExp\1_STypeExpToImTypeExp</Filter>
    </ClCompile>
    <ClCompile Include="SmTraitTypeTask.cpp">
      <Filter>DeclTranslation\TraitTranslation</Filter>
    </ClCompile>
    <ClCompile Include="PostBuildTypeHierarchyContexts.cpp">
      <Filter>TranslationPhase</Filter>
    </ClCompile>
  </ItemGroup>
  <ItemGroup>
    <ClInclude Include="SmFuncContext.h">
      <Filter>Context</Filter>
    </ClInclude>
    <ClInclude Include="SmScopeContext.h">
      <Filter>Context</Filter>
    </ClInclude>
    <ClInclude Include="ImExp.h">
      <Filter>ExpTranslation\Structure</Filter>
    </ClInclude>
    <ClInclude Include="IrExp.h">
      <Filter>ExpTranslation\Structure</Filter>
    </ClInclude>
    <ClInclude Include="ReExp.h">
      <Filter>ExpTranslation\Structure</Filter>
    </ClInclude>
    <ClInclude Include="BinOpQueryService.h">
      <Filter>ExpTranslation</Filter>
    </ClInclude>
    <ClInclude Include="FuncMatching.h">
      <Filter>ExpTranslation</Filter>
    </ClInclude>
    <ClInclude Include="SStmtToMStmt.h">
      <Filter>StmtTranslation</Filter>
    </ClInclude>
    <ClInclude Include="SVarDeclToMStmts.h">
      <Filter>StmtTranslation</Filter>
    </ClInclude>
    <ClInclude Include="CommonTranslation.h" />
    <ClInclude Include="DesignatedDiagnostic.h" />
    <ClInclude Include="Misc.h" />
    <ClInclude Include="ModuleDecls.h" />
    <ClInclude Include="RFuncAndRArgsToMExpTranslation.h" />
    <ClInclude Include="SmFactory.h" />
    <ClInclude Include="Public\SmTranslator\SmTranslator.h">
      <Filter>Public Headers</Filter>
    </ClInclude>
    <ClInclude Include="Public\SmTranslator\SmTranslatorConfig.h">
      <Filter>Public Headers</Filter>
    </ClInclude>
    <ClInclude Include="SmGlobalContext.h" />
    <ClInclude Include="SmTranslationContexts.h">
      <Filter>Context</Filter>
    </ClInclude>
    <ClInclude Include="SmFuncContext_Lambda.h">
      <Filter>Context</Filter>
    </ClInclude>
    <ClInclude Include="SmFuncContext_FuncDecl.h">
      <Filter>Context</Filter>
    </ClInclude>
    <ClInclude Include="IrExpToMLoc.h">
      <Filter>ExpTranslation\SExpToMIR\2_SExpToMSharedExp</Filter>
    </ClInclude>
    <ClInclude Include="IrExpToMSharedExp.h">
      <Filter>ExpTranslation\SExpToMIR\2_SExpToMSharedExp</Filter>
    </ClInclude>
    <ClInclude Include="SmBodyRes.h">
      <Filter>Context</Filter>
    </ClInclude>
    <ClInclude Include="ImExpVisitor.g.h">
      <Filter>ExpTranslation\Structure</Filter>
    </ClInclude>
    <ClInclude Include="IrExpVisitor.g.h">
      <Filter>ExpTranslation\Structure</Filter>
    </ClInclude>
    <ClInclude Include="SExp_IdentifierToImExp.h">
      <Filter>ExpTranslation\SExpToMIR\0_SExpToReExp\0_SExpToImExp</Filter>
    </ClInclude>
    <ClInclude Include="SExpToImExp.h">
      <Filter>ExpTranslation\SExpToMIR\0_SExpToReExp\0_SExpToImExp</Filter>
    </ClInclude>
    <ClInclude Include="SExp_CallToImExp.h">
      <Filter>ExpTranslation\SExpToMIR\0_SExpToReExp\0_SExpToImExp</Filter>
    </ClInclude>
    <ClInclude Include="SExp_MemberToImExp.h">
      <Filter>ExpTranslation\SExpToMIR\0_SExpToReExp\0_SExpToImExp</Filter>
    </ClInclude>
    <ClInclude Include="SExpToReExp.h">
      <Filter>ExpTranslation\SExpToMIR\0_SExpToReExp</Filter>
    </ClInclude>
    <ClInclude Include="ImExpToReExp.h">
      <Filter>ExpTranslation\SExpToMIR\0_SExpToReExp\1_ImExpToReExp</Filter>
    </ClInclude>
    <ClInclude Include="ReExpToMIR.h">
      <Filter>ExpTranslation\SExpToMIR\1_ReExpToMIR</Filter>
    </ClInclude>
    <ClInclude Include="SExpTranslations.h">
      <Filter>ExpTranslation\SExpToMIR</Filter>
    </ClInclude>
    <ClInclude Include="SExp_IdentifierToIrExp.h">
      <Filter>ExpTranslation\SExpToMIR\2_SExpToMSharedExp\SExpToIrExp</Filter>
    </ClInclude>
    <ClInclude Include="SExp_MemberToIrExp.h">
      <Filter>ExpTranslation\SExpToMIR\2_SExpToMSharedExp\SExpToIrExp</Filter>
    </ClInclude>
    <ClInclude Include="ImExpTranslations.h">
      <Filter>ExpTranslation\SExpToMIR\0_SExpToReExp</Filter>
    </ClInclude>
    <ClInclude Include="SExpToIrExp.h">
      <Filter>ExpTranslation\SExpToMIR\2_SExpToMSharedExp\SExpToIrExp</Filter>
    </ClInclude>
    <ClInclude Include="GlobalFuncTask.h">
      <Filter>DeclTranslation</Filter>
    </ClInclude>
    <ClInclude Include="EnumElemVarTask.h">
      <Filter>DeclTranslation\EnumTranslation</Filter>
    </ClInclude>
    <ClInclude Include="StructCtorTask.h">
      <Filter>DeclTranslation\StructTranslation</Filter>
    </ClInclude>
    <ClInclude Include="StructDtorTask.h">
      <Filter>DeclTranslation\StructTranslation</Filter>
    </ClInclude>
    <ClInclude Include="StructFuncTask.h">
      <Filter>DeclTranslation\StructTranslation</Filter>
    </ClInclude>
    <ClInclude Include="StructTask.h">
      <Filter>DeclTranslation\StructTranslation</Filter>
    </ClInclude>
    <ClInclude Include="StructVarTask.h">
      <Filter>DeclTranslation\StructTranslation</Filter>
    </ClInclude>
    <ClInclude Include="TraitFuncTask.h">
      <Filter>DeclTranslation\TraitTranslation</Filter>
    </ClInclude>
    <ClInclude Include="ImplTraitTask.h">
      <Filter>DeclTranslation\TraitTranslation</Filter>
    </ClInclude>
    <ClInclude Include="BuildNonTypeSymbolContext.h">
      <Filter>TranslationPhase</Filter>
    </ClInclude>
    <ClInclude Include="BuildTypeHierarchyContext.h">
      <Filter>TranslationPhase</Filter>
    </ClInclude>
    <ClInclude Include="BuildImplicitSymbolContext.h">
      <Filter>TranslationPhase</Filter>
    </ClInclude>
    <ClInclude Include="TranslationTasks.h">
      <Filter>TranslationPhase</Filter>
    </ClInclude>
    <ClInclude Include="TranslateBodyContext.h">
      <Filter>TranslationPhase</Filter>
    </ClInclude>
    <ClInclude Include="PostBuildNonTypeSymbolContext.h">
      <Filter>TranslationPhase</Filter>
    </ClInclude>
    <ClInclude Include="SmPhaseManager.h">
      <Filter>TranslationPhase</Filter>
    </ClInclude>
    <ClInclude Include="SmPartiallyAppliedFuncDeclGroup.h">
      <Filter>00_Structure</Filter>
    </ClInclude>
    <ClInclude Include="SmDeclRes.h">
      <Filter>00_Structure</Filter>
    </ClInclude>
    <ClInclude Include="SmTypeRes.h">
      <Filter>00_Structure</Filter>
    </ClInclude>
    <ClInclude Include="SmDeclContext.h">
      <Filter>Context</Filter>
    </ClInclude>
    <ClInclude Include="SmDeclContext_Decl.h">
      <Filter>Context</Filter>
    </ClInclude>
    <ClInclude Include="SmDeclContext_ClassDecl.h">
      <Filter>Context</Filter>
    </ClInclude>
    <ClInclude Include="SmTypeUtil.h">
      <Filter>Context</Filter>
    </ClInclude>
    <ClInclude Include="SmTypeTranslation.h">
      <Filter>TypeTranslation</Filter>
    </ClInclude>
    <ClInclude Include="ImplTraitFuncTask.h">
      <Filter>DeclTranslation</Filter>
    </ClInclude>
    <ClInclude Include="ImTypeExp.h">
      <Filter>TypeTranslation</Filter>
    </ClInclude>
    <ClInclude Include="STypeExpToImTypeExp.h">
      <Filter>TypeTranslation\STypeExpToReTypeExp\1_STypeExpToImTypeExp</Filter>
    </ClInclude>
    <ClInclude Include="SmTypeTranslationContexts.h">
      <Filter>TypeTranslation</Filter>
    </ClInclude>
    <ClInclude Include="SmTypeResolveScope.h">
      <Filter>TypeTranslation</Filter>
    </ClInclude>
    <ClInclude Include="STypeExp_IdToImTypeExp.h">
      <Filter>TypeTranslation\STypeExpToReTypeExp\1_STypeExpToImTypeExp</Filter>
    </ClInclude>
    <ClInclude Include="STypeExp_MemberToImTypeExp.h">
      <Filter>TypeTranslation\STypeExpToReTypeExp\1_STypeExpToImTypeExp</Filter>
    </ClInclude>
    <ClInclude Include="SmTraitTypeTask.h">
      <Filter>DeclTranslation\TraitTranslation</Filter>
    </ClInclude>
    <ClInclude Include="PostBuildTypeHierarchyContexts.h">
      <Filter>TranslationPhase</Filter>
    </ClInclude>
  </ItemGroup>
  <ItemGroup>
    <Filter Include="ExpTranslation">
      <UniqueIdentifier>{03c3728c-c718-44e1-8592-694e97217657}</UniqueIdentifier>
    </Filter>
    <Filter Include="ExpTranslation\Structure">
      <UniqueIdentifier>{338c8a7c-395b-4c1f-9cb8-b4bd409a7dca}</UniqueIdentifier>
    </Filter>
    <Filter Include="StmtTranslation">
      <UniqueIdentifier>{1e07f995-fee8-46af-aca6-65775f5d7413}</UniqueIdentifier>
    </Filter>
    <Filter Include="Context">
      <UniqueIdentifier>{71f12024-77ba-4bd3-8447-8685b9e9d2c1}</UniqueIdentifier>
    </Filter>
    <Filter Include="Public Headers">
      <UniqueIdentifier>{0a442679-8d7f-49a0-8403-92d752158c97}</UniqueIdentifier>
    </Filter>
    <Filter Include="ExpTranslation\SExpToMIR">
      <UniqueIdentifier>{b36f1fb1-f92b-4a42-9d35-8c5b7a81b468}</UniqueIdentifier>
    </Filter>
    <Filter Include="ExpTranslation\SExpToMIR\0_SExpToReExp">
      <UniqueIdentifier>{6c539c7b-b213-4646-9f7b-1549fc439028}</UniqueIdentifier>
    </Filter>
    <Filter Include="ExpTranslation\SExpToMIR\0_SExpToReExp\0_SExpToImExp">
      <UniqueIdentifier>{963822e8-9d37-423a-9f3b-71eb1a043b54}</UniqueIdentifier>
    </Filter>
    <Filter Include="ExpTranslation\SExpToMIR\0_SExpToReExp\1_ImExpToReExp">
      <UniqueIdentifier>{1deff052-5a69-4baa-806f-90d57ccedd10}</UniqueIdentifier>
    </Filter>
    <Filter Include="ExpTranslation\SExpToMIR\1_ReExpToMIR">
      <UniqueIdentifier>{19b4ef48-2a1c-4570-a6b8-7a87b638d4bd}</UniqueIdentifier>
    </Filter>
    <Filter Include="ExpTranslation\SExpToMIR\2_SExpToMSharedExp">
      <UniqueIdentifier>{24884e89-104d-4052-a062-7fb006e06a31}</UniqueIdentifier>
    </Filter>
    <Filter Include="ExpTranslation\SExpToMIR\2_SExpToMSharedExp\SExpToIrExp">
      <UniqueIdentifier>{589ff53a-07d1-4120-ab18-f609f2022af5}</UniqueIdentifier>
    </Filter>
    <Filter Include="DeclTranslation">
      <UniqueIdentifier>{a60175b9-403e-4234-950c-b56cb7640e38}</UniqueIdentifier>
    </Filter>
    <Filter Include="DeclTranslation\EnumTranslation">
      <UniqueIdentifier>{dbee34c0-3ea5-4ba7-ab09-dc00111b809a}</UniqueIdentifier>
    </Filter>
    <Filter Include="DeclTranslation\StructTranslation">
      <UniqueIdentifier>{74544549-a892-408a-87b4-a426a8a40637}</UniqueIdentifier>
    </Filter>
    <Filter Include="DeclTranslation\TraitTranslation">
      <UniqueIdentifier>{8f16f12e-07f4-4ca3-8fbd-25da5df37534}</UniqueIdentifier>
    </Filter>
    <Filter Include="TranslationPhase">
      <UniqueIdentifier>{11376f38-45a6-4739-91ad-da399b4abe25}</UniqueIdentifier>
    </Filter>
    <Filter Include="00_Structure">
      <UniqueIdentifier>{297d702c-2490-4225-9bdc-548546d4514b}</UniqueIdentifier>
    </Filter>
    <Filter Include="TypeTranslation">
      <UniqueIdentifier>{8a8bf04c-f3e1-4741-b386-57cf31b2f96f}</UniqueIdentifier>
    </Filter>
    <Filter Include="TypeTranslation\STypeExpToReTypeExp">
      <UniqueIdentifier>{d9a2995d-806e-4964-8711-48f2c1fa15cd}</UniqueIdentifier>
    </Filter>
    <Filter Include="TypeTranslation\STypeExpToReTypeExp\1_STypeExpToImTypeExp">
      <UniqueIdentifier>{76521c51-161a-47ab-9829-0f4c40ddc41b}</UniqueIdentifier>
    </Filter>
    <Filter Include="TypeTranslation\STypeExpToReTypeExp\2_ImTypeExpToReTypeExp">
      <UniqueIdentifier>{b7d4d58f-c58a-449e-81b7-41c0a8322a21}</UniqueIdentifier>
    </Filter>
  </ItemGroup>
</Project>