<?xml version="1.0" encoding="utf-8"?>
<Project ToolsVersion="4.0" xmlns="http://schemas.microsoft.com/developer/msbuild/2003">
  <ItemGroup>
    <ClInclude Include="Public\MIR\MArgument.h">
      <Filter>Public Headers</Filter>
    </ClInclude>
    <ClInclude Include="Public\MIR\MData.h">
      <Filter>Public Headers</Filter>
    </ClInclude>
    <ClInclude Include="Public\MIR\MExp.h">
      <Filter>Public Headers</Filter>
    </ClInclude>
    <ClInclude Include="Public\MIR\MFactory.h">
      <Filter>Public Headers</Filter>
    </ClInclude>
    <ClInclude Include="Public\MIR\MFuncBody.h">
      <Filter>Public Headers</Filter>
    </ClInclude>
    <ClInclude Include="Public\MIR\MIRConfig.h">
      <Filter>Public Headers</Filter>
    </ClInclude>
    <ClInclude Include="Public\MIR\MLoc.h">
      <Filter>Public Headers</Filter>
    </ClInclude>
    <ClInclude Include="Public\MIR\MStmt.h">
      <Filter>Public Headers</Filter>
    </ClInclude>
    <ClInclude Include="Public\MIR\MCreate.h">
      <Filter>Public Headers</Filter>
    </ClInclude>
    <ClInclude Include="Public\MIR\MMoveSource.h">
      <Filter>Public Headers</Filter>
    </ClInclude>
    <ClInclude Include="Public\MIR\MRead.h">
      <Filter>Public Headers</Filter>
    </ClInclude>
    <ClInclude Include="Public\MIR\MSharedExp.h">
      <Filter>Public Headers</Filter>
    </ClInclude>
    <ClInclude Include="Public\MIR\MInitExp.h">
      <Filter>Public Headers</Filter>
    </ClInclude>
    <ClInclude Include="Public\MIR\MExpVisitor.g.h">
      <Filter>Public Headers</Filter>
    </ClInclude>
    <ClInclude Include="Public\MIR\MLocVisitor.g.h">
      <Filter>Public Headers</Filter>
    </ClInclude>
    <ClInclude Include="Public\MIR\MStmtVisitor.g.h">
      <Filter>Public Headers</Filter>
    </ClInclude>
    <ClInclude Include="Public\MIR\MInitExpVisitor.g.h">
      <Filter>Public Headers</Filter>
    </ClInclude>
    <ClInclude Include="Public\MIR\MCallable.h">
      <Filter>Public Headers</Filter>
    </ClInclude>
    <ClInclude Include="Public\MIR\MSharedExpVisitor.g.h">
      <Filter>Public Headers</Filter>
    </ClInclude>
  </ItemGroup>
  <ItemGroup>
    <ClCompile Include="MExp.cpp" />
    <ClCompile Include="MFactory.cpp" />
    <ClCompile Include="MLoc.cpp" />
    <ClCompile Include="MStmt.cpp" />
    <ClCompile Include="MData.cpp" />
    <ClCompile Include="MCreate.cpp" />
    <ClCompile Include="MRead.cpp" />
    <ClCompile Include="MSharedExp.cpp" />
    <ClCompile Include="MInitExp.cpp" />
    <ClCompile Include="MCallable.cpp" />
  </ItemGroup>
  <ItemGroup>
    <Filter Include="Public Headers">
      <UniqueIdentifier>{9f534449-7475-4a1f-9757-16f61b7f4d31}</UniqueIdentifier>
    </Filter>
  </ItemGroup>
</Project>