<?xml version="1.0" encoding="utf-8"?>
<Project ToolsVersion="4.0" xmlns="http://schemas.microsoft.com/developer/msbuild/2003">
  <ItemGroup>
    <ClInclude Include="Public\MIR\MIRConfig.h" />
    <ClInclude Include="Public\MIR\MArgument.h" />
    <ClInclude Include="Public\MIR\MExp.h" />
    <ClInclude Include="Public\MIR\MFactory.h" />
    <ClInclude Include="Public\MIR\MLoc.h" />
    <ClInclude Include="Public\MIR\MStmt.h" />
  </ItemGroup>
  <ItemGroup>
    <ClCompile Include="MExp.cpp" />
    <ClCompile Include="MFactory.cpp" />
    <ClCompile Include="MLoc.cpp" />
    <ClCompile Include="MStmt.cpp" />
  </ItemGroup>
</Project>