<?xml version="1.0" encoding="utf-8"?>
<Project ToolsVersion="4.0" xmlns="http://schemas.microsoft.com/developer/msbuild/2003">
  <ItemGroup>
    <ClInclude Include="Public\IR0\NArgument.h" />
    <ClInclude Include="Public\IR0\IR0Config.h" />
    <ClInclude Include="Public\IR0\NExp.h">
      <Filter>Body</Filter>
    </ClInclude>
    <ClInclude Include="Public\IR0\NLoc.h">
      <Filter>Body</Filter>
    </ClInclude>
    <ClInclude Include="Public\IR0\NStmt.h">
      <Filter>Body</Filter>
    </ClInclude>
    <ClInclude Include="Public\IR0\NDecl.h">
      <Filter>Symbols\NDecl\00 Abstraction</Filter>
    </ClInclude>
    <ClInclude Include="Public\IR0\NTopLevelDeclOuter.h">
      <Filter>Symbols\NDecl\00 Abstraction</Filter>
    </ClInclude>
    <ClInclude Include="Public\IR0\NTypeDecl.h">
      <Filter>Symbols\NDecl\00 Abstraction</Filter>
    </ClInclude>
    <ClInclude Include="Public\IR0\NTypeDeclOuter.h">
      <Filter>Symbols\NDecl\00 Abstraction</Filter>
    </ClInclude>
    <ClInclude Include="Public\IR0\NGlobalFuncDecl.h">
      <Filter>Symbols\NDecl\05 TopLevel</Filter>
    </ClInclude>
    <ClInclude Include="Public\IR0\NModuleDecl.h">
      <Filter>Symbols\NDecl\05 TopLevel</Filter>
    </ClInclude>
    <ClInclude Include="Public\IR0\NNamespaceDecl.h">
      <Filter>Symbols\NDecl\05 TopLevel</Filter>
    </ClInclude>
    <ClInclude Include="Public\IR0\NCommonFuncDeclComponent.h">
      <Filter>Symbols\NDecl\04 Components</Filter>
    </ClInclude>
    <ClInclude Include="Public\IR0\NFuncDeclContainerComponent.h">
      <Filter>Symbols\NDecl\04 Components</Filter>
    </ClInclude>
    <ClInclude Include="Public\IR0\NNamespaceDeclContainerComponent.h">
      <Filter>Symbols\NDecl\04 Components</Filter>
    </ClInclude>
    <ClInclude Include="Public\IR0\NTypeDeclContainerComponent.h">
      <Filter>Symbols\NDecl\04 Components</Filter>
    </ClInclude>
    <ClInclude Include="Public\IR0\NFuncDecl.h">
      <Filter>Symbols\NDecl\03 Func</Filter>
    </ClInclude>
    <ClInclude Include="Public\IR0\NClassConstructorDecl.h">
      <Filter>Symbols\NDecl\06 Class</Filter>
    </ClInclude>
    <ClInclude Include="Public\IR0\NClassDecl.h">
      <Filter>Symbols\NDecl\06 Class</Filter>
    </ClInclude>
    <ClInclude Include="Public\IR0\NClassMemberFuncDecl.h">
      <Filter>Symbols\NDecl\06 Class</Filter>
    </ClInclude>
    <ClInclude Include="Public\IR0\NClassMemberVarDecl.h">
      <Filter>Symbols\NDecl\06 Class</Filter>
    </ClInclude>
    <ClInclude Include="Public\IR0\NStructConstructorDecl.h">
      <Filter>Symbols\NDecl\07 Struct</Filter>
    </ClInclude>
    <ClInclude Include="Public\IR0\NStructDecl.h">
      <Filter>Symbols\NDecl\07 Struct</Filter>
    </ClInclude>
    <ClInclude Include="Public\IR0\NStructMemberFuncDecl.h">
      <Filter>Symbols\NDecl\07 Struct</Filter>
    </ClInclude>
    <ClInclude Include="Public\IR0\NStructMemberVarDecl.h">
      <Filter>Symbols\NDecl\07 Struct</Filter>
    </ClInclude>
    <ClInclude Include="Public\IR0\NEnumDecl.h">
      <Filter>Symbols\NDecl\08 Enum</Filter>
    </ClInclude>
    <ClInclude Include="Public\IR0\NEnumElemDecl.h">
      <Filter>Symbols\NDecl\08 Enum</Filter>
    </ClInclude>
    <ClInclude Include="Public\IR0\NEnumElemMemberVarDecl.h">
      <Filter>Symbols\NDecl\08 Enum</Filter>
    </ClInclude>
    <ClInclude Include="Public\IR0\NInterfaceDecl.h">
      <Filter>Symbols\NDecl\09 Interface</Filter>
    </ClInclude>
    <ClInclude Include="Public\IR0\NLambdaDecl.h">
      <Filter>Symbols\NDecl\10 Lambda</Filter>
    </ClInclude>
    <ClInclude Include="Public\IR0\NLambdaMemberVarDecl.h">
      <Filter>Symbols\NDecl\10 Lambda</Filter>
    </ClInclude>
    <ClInclude Include="Public\IR0\DeclWithOuterTypeArgs.h">
      <Filter>Symbols</Filter>
    </ClInclude>
    <ClInclude Include="Public\IR0\RType.h">
      <Filter>Symbols\RDecl\00 Abstraction</Filter>
    </ClInclude>
    <ClInclude Include="Public\IR0\RTypeArguments.h">
      <Filter>Symbols\RDecl\00 Abstraction</Filter>
    </ClInclude>
    <ClInclude Include="Public\IR0\RTypeFactory.h">
      <Filter>Symbols\RDecl\00 Abstraction</Filter>
    </ClInclude>
    <ClInclude Include="Public\IR0\RMember.h">
      <Filter>Symbols\RDecl\00 Abstraction</Filter>
    </ClInclude>
    <ClInclude Include="Public\IR0\RDecl.h">
      <Filter>Symbols\RDecl\00 Abstraction</Filter>
    </ClInclude>
    <ClInclude Include="Public\IR0\NFuncDeclOuter.h">
      <Filter>Symbols\NDecl\03 Func</Filter>
    </ClInclude>
    <ClInclude Include="Public\IR0\RTopLevelDeclOuter.h">
      <Filter>Symbols\RDecl\00 Abstraction</Filter>
    </ClInclude>
    <ClInclude Include="Public\IR0\RTypeDecl.h">
      <Filter>Symbols\RDecl\00 Abstraction</Filter>
    </ClInclude>
    <ClInclude Include="Public\IR0\RTypeDeclOuter.h">
      <Filter>Symbols\RDecl\00 Abstraction</Filter>
    </ClInclude>
    <ClInclude Include="Public\IR0\RDeclId.h">
      <Filter>Symbols\RDecl\01 Identifier</Filter>
    </ClInclude>
    <ClInclude Include="Public\IR0\RIdentifier.h">
      <Filter>Symbols\RDecl\01 Identifier</Filter>
    </ClInclude>
    <ClInclude Include="Public\IR0\RNames.h">
      <Filter>Symbols\RDecl\01 Identifier</Filter>
    </ClInclude>
    <ClInclude Include="Public\IR0\RAccessor.h">
      <Filter>Symbols\RDecl\02 Properties</Filter>
    </ClInclude>
    <ClInclude Include="Public\IR0\RFuncParameter.h">
      <Filter>Symbols\RDecl\03 Func</Filter>
    </ClInclude>
    <ClInclude Include="Public\IR0\RFuncReturn.h">
      <Filter>Symbols\RDecl\03 Func</Filter>
    </ClInclude>
    <ClInclude Include="Public\IR0\RFuncDecl.h">
      <Filter>Symbols\RDecl\03 Func</Filter>
    </ClInclude>
    <ClInclude Include="Public\IR0\RFuncDeclOuter.h">
      <Filter>Symbols\RDecl\03 Func</Filter>
    </ClInclude>
    <ClInclude Include="Public\IR0\RGlobalFuncDecl.h">
      <Filter>Symbols\RDecl\05 TopLevel</Filter>
    </ClInclude>
    <ClInclude Include="Public\IR0\RModuleDecl.h">
      <Filter>Symbols\RDecl\05 TopLevel</Filter>
    </ClInclude>
    <ClInclude Include="Public\IR0\RNamespaceDecl.h">
      <Filter>Symbols\RDecl\05 TopLevel</Filter>
    </ClInclude>
    <ClInclude Include="Public\IR0\RClassDecl.h">
      <Filter>Symbols\RDecl\06 Class</Filter>
    </ClInclude>
    <ClInclude Include="Public\IR0\RClassConstructorDecl.h">
      <Filter>Symbols\RDecl\06 Class</Filter>
    </ClInclude>
    <ClInclude Include="Public\IR0\RClassMemberFuncDecl.h">
      <Filter>Symbols\RDecl\06 Class</Filter>
    </ClInclude>
    <ClInclude Include="Public\IR0\RClassMemberVarDecl.h">
      <Filter>Symbols\RDecl\06 Class</Filter>
    </ClInclude>
    <ClInclude Include="Public\IR0\RStructDecl.h">
      <Filter>Symbols\RDecl\07 Struct</Filter>
    </ClInclude>
    <ClInclude Include="Public\IR0\RStructConstructorDecl.h">
      <Filter>Symbols\RDecl\07 Struct</Filter>
    </ClInclude>
    <ClInclude Include="Public\IR0\RStructMemberFuncDecl.h">
      <Filter>Symbols\RDecl\07 Struct</Filter>
    </ClInclude>
    <ClInclude Include="Public\IR0\RStructMemberVarDecl.h">
      <Filter>Symbols\RDecl\07 Struct</Filter>
    </ClInclude>
    <ClInclude Include="Public\IR0\REnumDecl.h">
      <Filter>Symbols\RDecl\08 Enum</Filter>
    </ClInclude>
    <ClInclude Include="Public\IR0\REnumElemDecl.h">
      <Filter>Symbols\RDecl\08 Enum</Filter>
    </ClInclude>
    <ClInclude Include="Public\IR0\REnumElemMemberVarDecl.h">
      <Filter>Symbols\RDecl\08 Enum</Filter>
    </ClInclude>
    <ClInclude Include="Public\IR0\RInterfaceDecl.h">
      <Filter>Symbols\RDecl\09 Interface</Filter>
    </ClInclude>
    <ClInclude Include="Public\IR0\RLambdaDecl.h">
      <Filter>Symbols\RDecl\10 Lambda</Filter>
    </ClInclude>
    <ClInclude Include="Public\IR0\RLambdaMemberVarDecl.h">
      <Filter>Symbols\RDecl\10 Lambda</Filter>
    </ClInclude>
  </ItemGroup>
  <ItemGroup>
    <ClCompile Include="NModuleDecl.cpp">
      <Filter>Symbols\NDecl\05 TopLevel</Filter>
    </ClCompile>
    <ClCompile Include="NTypeDeclContainerComponent.cpp">
      <Filter>Symbols\NDecl\04 Components</Filter>
    </ClCompile>
    <ClCompile Include="NNamespaceDeclContainerComponent.cpp">
      <Filter>Symbols\NDecl\04 Components</Filter>
    </ClCompile>
    <ClCompile Include="NLambdaDecl.cpp">
      <Filter>Symbols\NDecl\10 Lambda</Filter>
    </ClCompile>
    <ClCompile Include="NEnumDecl.cpp">
      <Filter>Symbols\NDecl\08 Enum</Filter>
    </ClCompile>
    <ClCompile Include="NEnumElemMemberVarDecl.cpp">
      <Filter>Symbols\NDecl\08 Enum</Filter>
    </ClCompile>
    <ClCompile Include="NEnumElemDecl.cpp">
      <Filter>Symbols\NDecl\08 Enum</Filter>
    </ClCompile>
    <ClCompile Include="NStructConstructorDecl.cpp">
      <Filter>Symbols\NDecl\07 Struct</Filter>
    </ClCompile>
    <ClCompile Include="NCommonFuncDeclComponent.cpp">
      <Filter>Symbols\NDecl\04 Components</Filter>
    </ClCompile>
    <ClCompile Include="NStructMemberVarDecl.cpp">
      <Filter>Symbols\NDecl\07 Struct</Filter>
    </ClCompile>
    <ClCompile Include="NExp.cpp">
      <Filter>Body</Filter>
    </ClCompile>
    <ClCompile Include="NLoc.cpp">
      <Filter>Body</Filter>
    </ClCompile>
    <ClCompile Include="NClassMemberVarDecl.cpp">
      <Filter>Symbols\NDecl\06 Class</Filter>
    </ClCompile>
    <ClCompile Include="NLambdaMemberVarDecl.cpp">
      <Filter>Symbols\NDecl\10 Lambda</Filter>
    </ClCompile>
    <ClCompile Include="NDecl.cpp">
      <Filter>Symbols\NDecl\00 Abstraction</Filter>
    </ClCompile>
    <ClCompile Include="NClassConstructorDecl.cpp">
      <Filter>Symbols\NDecl\06 Class</Filter>
    </ClCompile>
    <ClCompile Include="NClassMemberFuncDecl.cpp">
      <Filter>Symbols\NDecl\06 Class</Filter>
    </ClCompile>
    <ClCompile Include="NStructMemberFuncDecl.cpp">
      <Filter>Symbols\NDecl\07 Struct</Filter>
    </ClCompile>
    <ClCompile Include="NInterfaceDecl.cpp">
      <Filter>Symbols\NDecl\09 Interface</Filter>
    </ClCompile>
    <ClCompile Include="NClassDecl.cpp">
      <Filter>Symbols\NDecl\06 Class</Filter>
    </ClCompile>
    <ClCompile Include="NNamespaceDecl.cpp">
      <Filter>Symbols\NDecl\05 TopLevel</Filter>
    </ClCompile>
    <ClCompile Include="NStructDecl.cpp">
      <Filter>Symbols\NDecl\07 Struct</Filter>
    </ClCompile>
    <ClCompile Include="NStmt.cpp">
      <Filter>Body</Filter>
    </ClCompile>
    <ClCompile Include="RMember.cpp">
      <Filter>Symbols\RDecl\00 Abstraction</Filter>
    </ClCompile>
    <ClCompile Include="RType.cpp">
      <Filter>Symbols\RDecl\00 Abstraction</Filter>
    </ClCompile>
    <ClCompile Include="RTypeArguments.cpp">
      <Filter>Symbols\RDecl\00 Abstraction</Filter>
    </ClCompile>
    <ClCompile Include="RTypeFactory.cpp">
      <Filter>Symbols\RDecl\00 Abstraction</Filter>
    </ClCompile>
    <ClCompile Include="RDeclId.cpp">
      <Filter>Symbols\RDecl\01 Identifier</Filter>
    </ClCompile>
    <ClCompile Include="RNames.cpp">
      <Filter>Symbols\RDecl\01 Identifier</Filter>
    </ClCompile>
    <ClCompile Include="RGlobalFuncDecl.cpp">
      <Filter>Symbols\RDecl\05 TopLevel</Filter>
    </ClCompile>
  </ItemGroup>
  <ItemGroup>
    <Filter Include="Body">
      <UniqueIdentifier>{6918c332-7bb2-410a-b87b-0fa1df9176c1}</UniqueIdentifier>
    </Filter>
    <Filter Include="Symbols">
      <UniqueIdentifier>{79bfaaee-d711-471b-9e36-ee64a4146827}</UniqueIdentifier>
    </Filter>
    <Filter Include="Symbols\RDecl">
      <UniqueIdentifier>{2d6cf0c8-d08a-48ff-8e10-a73225b203a5}</UniqueIdentifier>
    </Filter>
    <Filter Include="Symbols\NDecl">
      <UniqueIdentifier>{fe8269e3-0e23-4543-868e-849fbb8bf8f9}</UniqueIdentifier>
    </Filter>
    <Filter Include="Symbols\NDecl\10 Lambda">
      <UniqueIdentifier>{84dd7ced-7d09-472b-a69d-7d8d1a06e843}</UniqueIdentifier>
    </Filter>
    <Filter Include="Symbols\NDecl\00 Abstraction">
      <UniqueIdentifier>{7e475546-1097-4f54-bb20-987fdeba0fee}</UniqueIdentifier>
    </Filter>
    <Filter Include="Symbols\NDecl\01 Identifier">
      <UniqueIdentifier>{f77c8575-8fc4-4574-b569-0bd03a49b4a5}</UniqueIdentifier>
    </Filter>
    <Filter Include="Symbols\NDecl\02 Properties">
      <UniqueIdentifier>{98de02f0-a378-469b-9646-d8e9dc9a40ef}</UniqueIdentifier>
    </Filter>
    <Filter Include="Symbols\NDecl\03 Func">
      <UniqueIdentifier>{906700e6-5141-4694-ad30-4fb746cae7fe}</UniqueIdentifier>
    </Filter>
    <Filter Include="Symbols\NDecl\04 Components">
      <UniqueIdentifier>{e1cfcd2a-5564-4415-91d1-8d4600f239ba}</UniqueIdentifier>
    </Filter>
    <Filter Include="Symbols\NDecl\05 TopLevel">
      <UniqueIdentifier>{b8adde77-8924-4bce-8572-8c2f2fdbec76}</UniqueIdentifier>
    </Filter>
    <Filter Include="Symbols\NDecl\06 Class">
      <UniqueIdentifier>{9f02b77a-231d-428e-9730-04159d41212b}</UniqueIdentifier>
    </Filter>
    <Filter Include="Symbols\NDecl\07 Struct">
      <UniqueIdentifier>{9aead0a6-abe6-4d6e-ba03-66421ba9ff64}</UniqueIdentifier>
    </Filter>
    <Filter Include="Symbols\NDecl\08 Enum">
      <UniqueIdentifier>{227b194f-1e89-4d6a-bcab-d8389cc5e689}</UniqueIdentifier>
    </Filter>
    <Filter Include="Symbols\NDecl\09 Interface">
      <UniqueIdentifier>{06652d5f-6259-4a50-b56b-92c34abacf34}</UniqueIdentifier>
    </Filter>
    <Filter Include="Symbols\RDecl\00 Abstraction">
      <UniqueIdentifier>{f13c9b12-a35c-453b-9567-96e333265f1b}</UniqueIdentifier>
    </Filter>
    <Filter Include="Symbols\RDecl\01 Identifier">
      <UniqueIdentifier>{43412cce-5039-4d34-b17f-0726d466fc63}</UniqueIdentifier>
    </Filter>
    <Filter Include="Symbols\RDecl\02 Properties">
      <UniqueIdentifier>{c5c5cbdb-6edb-4678-842c-3546b939f26c}</UniqueIdentifier>
    </Filter>
    <Filter Include="Symbols\RDecl\03 Func">
      <UniqueIdentifier>{efdff013-ab9c-4dce-b661-0c456738297d}</UniqueIdentifier>
    </Filter>
    <Filter Include="Symbols\RDecl\05 TopLevel">
      <UniqueIdentifier>{e2164fa5-b56f-44fc-b8e7-29d0157d2fc7}</UniqueIdentifier>
    </Filter>
    <Filter Include="Symbols\RDecl\06 Class">
      <UniqueIdentifier>{a450c43b-3248-413d-a785-b2009605ebb1}</UniqueIdentifier>
    </Filter>
    <Filter Include="Symbols\RDecl\07 Struct">
      <UniqueIdentifier>{383cf86b-a637-4582-b642-ef12f971a99e}</UniqueIdentifier>
    </Filter>
    <Filter Include="Symbols\RDecl\08 Enum">
      <UniqueIdentifier>{9081f247-a03d-49e1-b916-e60fc923e9f2}</UniqueIdentifier>
    </Filter>
    <Filter Include="Symbols\RDecl\09 Interface">
      <UniqueIdentifier>{ed27fa4d-621c-42c6-908a-41c7cdd2a631}</UniqueIdentifier>
    </Filter>
    <Filter Include="Symbols\RDecl\10 Lambda">
      <UniqueIdentifier>{cbdc0c95-c277-4390-8d10-acd6b144118a}</UniqueIdentifier>
    </Filter>
  </ItemGroup>
</Project>