<?xml version="1.0" encoding="utf-8"?>
<Project ToolsVersion="4.0" xmlns="http://schemas.microsoft.com/developer/msbuild/2003">
  <ItemGroup>
    <Filter Include="Symbols">
      <UniqueIdentifier>{e36ff321-bf97-47c8-b005-3c324845d545}</UniqueIdentifier>
    </Filter>
    <Filter Include="Symbols\00 Abstraction">
      <UniqueIdentifier>{fb7f440a-4d5b-4b25-9424-2806b6ce35f6}</UniqueIdentifier>
    </Filter>
    <Filter Include="Symbols\01 Identifier">
      <UniqueIdentifier>{0b5987d9-faff-4707-8a0d-8cc8ed16d8a0}</UniqueIdentifier>
    </Filter>
    <Filter Include="Symbols\05 TopLevel">
      <UniqueIdentifier>{06ae4868-ffcd-4079-8204-9e9a8fa9df98}</UniqueIdentifier>
    </Filter>
    <Filter Include="Symbols\04 Components">
      <UniqueIdentifier>{3f75412b-c1e5-4130-a081-507d1db31370}</UniqueIdentifier>
    </Filter>
    <Filter Include="Symbols\03 Func">
      <UniqueIdentifier>{ab7853e9-353b-4fe4-9b80-f937356fe686}</UniqueIdentifier>
    </Filter>
    <Filter Include="Symbols\06 Class">
      <UniqueIdentifier>{9c59a940-a80b-4e30-b3e6-34f2fe156676}</UniqueIdentifier>
    </Filter>
    <Filter Include="Symbols\07 Struct">
      <UniqueIdentifier>{99743b72-bc9b-46ba-9824-37f9440a3238}</UniqueIdentifier>
    </Filter>
    <Filter Include="Symbols\08 Enum">
      <UniqueIdentifier>{3ff6ecda-08b7-45cd-bf77-4206c3aee9bf}</UniqueIdentifier>
    </Filter>
    <Filter Include="Symbols\09 Interface">
      <UniqueIdentifier>{5a838a2f-b50c-4e17-b969-4d72e070a5c8}</UniqueIdentifier>
    </Filter>
  </ItemGroup>
  <ItemGroup>
    <ClInclude Include="Public\Symbol\SymbolConfig.h" />
    <ClInclude Include="Public\Symbol\Symbols.h" />
  </ItemGroup>
  <ItemGroup>
    <ClCompile Include="MModule.cpp">
      <Filter>Symbols\05 TopLevel</Filter>
    </ClCompile>
    <ClCompile Include="MTypeDeclContainerComponent.cpp">
      <Filter>Symbols\04 Components</Filter>
    </ClCompile>
    <ClCompile Include="MNamespaceDeclContainerComponent.cpp">
      <Filter>Symbols\04 Components</Filter>
    </ClCompile>
    <ClCompile Include="MDeclId.cpp">
      <Filter>Symbols\01 Identifier</Filter>
    </ClCompile>
    <ClCompile Include="MTypeArguments.cpp">
      <Filter>Symbols\00 Abstraction</Filter>
    </ClCompile>
    <ClCompile Include="MType.cpp">
      <Filter>Symbols\00 Abstraction</Filter>
    </ClCompile>
    <ClCompile Include="MBodyDeclOuter.ixx">
      <Filter>Symbols\00 Abstraction</Filter>
    </ClCompile>
    <ClCompile Include="MDecl.ixx">
      <Filter>Symbols\00 Abstraction</Filter>
    </ClCompile>
    <ClCompile Include="MType.ixx">
      <Filter>Symbols\00 Abstraction</Filter>
    </ClCompile>
    <ClCompile Include="MTypeArguments.ixx">
      <Filter>Symbols\00 Abstraction</Filter>
    </ClCompile>
    <ClCompile Include="MTypeDecl.ixx">
      <Filter>Symbols\00 Abstraction</Filter>
    </ClCompile>
    <ClCompile Include="MTypeDeclOuter.ixx">
      <Filter>Symbols\00 Abstraction</Filter>
    </ClCompile>
    <ClCompile Include="MDeclId.ixx">
      <Filter>Symbols\01 Identifier</Filter>
    </ClCompile>
    <ClCompile Include="MIdentifier.ixx">
      <Filter>Symbols\01 Identifier</Filter>
    </ClCompile>
    <ClCompile Include="MFunc.ixx">
      <Filter>Symbols\03 Func</Filter>
    </ClCompile>
    <ClCompile Include="MFuncDecl.ixx">
      <Filter>Symbols\03 Func</Filter>
    </ClCompile>
    <ClCompile Include="MFuncParameter.ixx">
      <Filter>Symbols\03 Func</Filter>
    </ClCompile>
    <ClCompile Include="MFuncReturn.ixx">
      <Filter>Symbols\03 Func</Filter>
    </ClCompile>
    <ClCompile Include="MCommonFuncDeclComponent.ixx">
      <Filter>Symbols\04 Components</Filter>
    </ClCompile>
    <ClCompile Include="MFuncDeclContainerComponent.ixx">
      <Filter>Symbols\04 Components</Filter>
    </ClCompile>
    <ClCompile Include="MNamespaceDeclContainerComponent.ixx">
      <Filter>Symbols\04 Components</Filter>
    </ClCompile>
    <ClCompile Include="MTypeDeclContainerComponent.ixx">
      <Filter>Symbols\04 Components</Filter>
    </ClCompile>
    <ClCompile Include="MGlobalFuncDecl.ixx">
      <Filter>Symbols\05 TopLevel</Filter>
    </ClCompile>
    <ClCompile Include="MModule.ixx">
      <Filter>Symbols\05 TopLevel</Filter>
    </ClCompile>
    <ClCompile Include="MNamespaceDecl.ixx">
      <Filter>Symbols\05 TopLevel</Filter>
    </ClCompile>
    <ClCompile Include="MClassCtorDecl.ixx">
      <Filter>Symbols\06 Class</Filter>
    </ClCompile>
    <ClCompile Include="MClassDecl.ixx">
      <Filter>Symbols\06 Class</Filter>
    </ClCompile>
    <ClCompile Include="MClassFuncDecl.ixx">
      <Filter>Symbols\06 Class</Filter>
    </ClCompile>
    <ClCompile Include="MClassVarDecl.ixx">
      <Filter>Symbols\06 Class</Filter>
    </ClCompile>
    <ClCompile Include="MStructCtorDecl.ixx">
      <Filter>Symbols\07 Struct</Filter>
    </ClCompile>
    <ClCompile Include="MStructDecl.ixx">
      <Filter>Symbols\07 Struct</Filter>
    </ClCompile>
    <ClCompile Include="MStructFuncDecl.ixx">
      <Filter>Symbols\07 Struct</Filter>
    </ClCompile>
    <ClCompile Include="MStructVarDecl.ixx">
      <Filter>Symbols\07 Struct</Filter>
    </ClCompile>
    <ClCompile Include="MEnumDecl.ixx">
      <Filter>Symbols\08 Enum</Filter>
    </ClCompile>
    <ClCompile Include="MEnumElemDecl.ixx">
      <Filter>Symbols\08 Enum</Filter>
    </ClCompile>
    <ClCompile Include="MEnumElemVarDecl.ixx">
      <Filter>Symbols\08 Enum</Filter>
    </ClCompile>
    <ClCompile Include="MInterfaceDecl.ixx">
      <Filter>Symbols\09 Interface</Filter>
    </ClCompile>
    <ClCompile Include="MDecls.ixx">
      <Filter>Symbols</Filter>
    </ClCompile>
    <ClCompile Include="MAccessor.ixx" />
    <ClCompile Include="MNames.cpp" />
    <ClCompile Include="MNames.ixx" />
  </ItemGroup>
</Project>