<?xml version="1.0" encoding="utf-8"?>
<Project ToolsVersion="4.0" xmlns="http://schemas.microsoft.com/developer/msbuild/2003">
  <ItemGroup>
    <ClInclude Include="Public\NSymbol\NSymbolConfig.h" />
    <ClInclude Include="Public\NSymbol\NDecl.h">
      <Filter>00 Abstraction</Filter>
    </ClInclude>
    <ClInclude Include="Public\NSymbol\NTypeDecl.h">
      <Filter>00 Abstraction</Filter>
    </ClInclude>
    <ClInclude Include="Public\NSymbol\NTypeDeclOuter.h">
      <Filter>00 Abstraction</Filter>
    </ClInclude>
    <ClInclude Include="Public\NSymbol\NFuncDecl.h">
      <Filter>03 Func</Filter>
    </ClInclude>
    <ClInclude Include="Public\NSymbol\NFuncDeclOuter.h">
      <Filter>03 Func</Filter>
    </ClInclude>
    <ClInclude Include="Public\NSymbol\NCommonFuncDeclComponent.h">
      <Filter>04 Components</Filter>
    </ClInclude>
    <ClInclude Include="Public\NSymbol\NFuncDeclContainerComponent.h">
      <Filter>04 Components</Filter>
    </ClInclude>
    <ClInclude Include="Public\NSymbol\NNamespaceDeclContainerComponent.h">
      <Filter>04 Components</Filter>
    </ClInclude>
    <ClInclude Include="Public\NSymbol\NTypeDeclContainerComponent.h">
      <Filter>04 Components</Filter>
    </ClInclude>
    <ClInclude Include="Public\NSymbol\NGlobalFuncDecl.h">
      <Filter>05 TopLevel</Filter>
    </ClInclude>
    <ClInclude Include="Public\NSymbol\NModule.h">
      <Filter>05 TopLevel</Filter>
    </ClInclude>
    <ClInclude Include="Public\NSymbol\NNamespaceDecl.h">
      <Filter>05 TopLevel</Filter>
    </ClInclude>
    <ClInclude Include="Public\NSymbol\NClassCtorDecl.h">
      <Filter>06 Class</Filter>
    </ClInclude>
    <ClInclude Include="Public\NSymbol\NClassDecl.h">
      <Filter>06 Class</Filter>
    </ClInclude>
    <ClInclude Include="Public\NSymbol\NClassFuncDecl.h">
      <Filter>06 Class</Filter>
    </ClInclude>
    <ClInclude Include="Public\NSymbol\NClassVarDecl.h">
      <Filter>06 Class</Filter>
    </ClInclude>
    <ClInclude Include="Public\NSymbol\NStructCtorDecl.h">
      <Filter>07 Struct</Filter>
    </ClInclude>
    <ClInclude Include="Public\NSymbol\NStructDecl.h">
      <Filter>07 Struct</Filter>
    </ClInclude>
    <ClInclude Include="Public\NSymbol\NStructFuncDecl.h">
      <Filter>07 Struct</Filter>
    </ClInclude>
    <ClInclude Include="Public\NSymbol\NStructVarDecl.h">
      <Filter>07 Struct</Filter>
    </ClInclude>
    <ClInclude Include="Public\NSymbol\NEnumDecl.h">
      <Filter>08 Enum</Filter>
    </ClInclude>
    <ClInclude Include="Public\NSymbol\NEnumElemDecl.h">
      <Filter>08 Enum</Filter>
    </ClInclude>
    <ClInclude Include="Public\NSymbol\NEnumElemVarDecl.h">
      <Filter>08 Enum</Filter>
    </ClInclude>
    <ClInclude Include="Public\NSymbol\NInterfaceDecl.h">
      <Filter>09 Interface</Filter>
    </ClInclude>
    <ClInclude Include="Public\NSymbol\NLambdaDecl.h">
      <Filter>10 Lambda</Filter>
    </ClInclude>
    <ClInclude Include="Public\NSymbol\NLambdaVarDecl.h">
      <Filter>10 Lambda</Filter>
    </ClInclude>
    <ClInclude Include="Public\NSymbol\NFactory.h" />
    <ClInclude Include="Public\NSymbol\NStructDtorDecl.h">
      <Filter>07 Struct</Filter>
    </ClInclude>
    <ClInclude Include="Public\NSymbol\NTypeParamDecl.h">
      <Filter>11 Generics</Filter>
    </ClInclude>
    <ClInclude Include="Public\NSymbol\NGenericsComponent.h">
      <Filter>04 Components</Filter>
    </ClInclude>
    <ClInclude Include="Public\NSymbol\NFuncDeclOuterVisitor.g.h">
      <Filter>03 Func</Filter>
    </ClInclude>
  </ItemGroup>
  <ItemGroup>
    <Filter Include="10 Lambda">
      <UniqueIdentifier>{d66538e4-443d-4466-809a-8f81047042ed}</UniqueIdentifier>
    </Filter>
    <Filter Include="00 Abstraction">
      <UniqueIdentifier>{9390ef1c-0504-4dbe-aa5a-2b1470e3f249}</UniqueIdentifier>
    </Filter>
    <Filter Include="01 Identifier">
      <UniqueIdentifier>{c9427369-a102-4286-8fb1-6fbaca2d155b}</UniqueIdentifier>
    </Filter>
    <Filter Include="02 Properties">
      <UniqueIdentifier>{28cd2cde-40c3-45a5-a984-75b56e28553e}</UniqueIdentifier>
    </Filter>
    <Filter Include="03 Func">
      <UniqueIdentifier>{58d5ef33-a18a-4f27-94eb-157db229b5f2}</UniqueIdentifier>
    </Filter>
    <Filter Include="04 Components">
      <UniqueIdentifier>{b2ac98bc-a2dc-4d9f-b2a9-a44e09020b0d}</UniqueIdentifier>
    </Filter>
    <Filter Include="05 TopLevel">
      <UniqueIdentifier>{3df9f8fd-6bb1-4e29-9271-421950386155}</UniqueIdentifier>
    </Filter>
    <Filter Include="06 Class">
      <UniqueIdentifier>{5568b2b1-9dc5-45c3-a7d5-a35eb7c6d178}</UniqueIdentifier>
    </Filter>
    <Filter Include="07 Struct">
      <UniqueIdentifier>{1d6efc1e-7f67-424a-a315-6a6c3a83d788}</UniqueIdentifier>
    </Filter>
    <Filter Include="08 Enum">
      <UniqueIdentifier>{f432aa1f-a1e5-4fa3-962c-dfb61ec8c40d}</UniqueIdentifier>
    </Filter>
    <Filter Include="09 Interface">
      <UniqueIdentifier>{c4a3b135-daf8-48ec-bf76-acbb1ac04586}</UniqueIdentifier>
    </Filter>
    <Filter Include="11 Generics">
      <UniqueIdentifier>{d2a9230d-1f79-4c83-94c2-e760c1fc9c09}</UniqueIdentifier>
    </Filter>
  </ItemGroup>
  <ItemGroup>
    <ClCompile Include="NFactory.cpp" />
    <ClCompile Include="NClassCtorDecl.cpp">
      <Filter>06 Class</Filter>
    </ClCompile>
    <ClCompile Include="NClassDecl.cpp">
      <Filter>06 Class</Filter>
    </ClCompile>
    <ClCompile Include="NClassFuncDecl.cpp">
      <Filter>06 Class</Filter>
    </ClCompile>
    <ClCompile Include="NClassVarDecl.cpp">
      <Filter>06 Class</Filter>
    </ClCompile>
    <ClCompile Include="NCommonFuncDeclComponent.cpp">
      <Filter>04 Components</Filter>
    </ClCompile>
    <ClCompile Include="NDecl.cpp">
      <Filter>00 Abstraction</Filter>
    </ClCompile>
    <ClCompile Include="NEnumDecl.cpp">
      <Filter>08 Enum</Filter>
    </ClCompile>
    <ClCompile Include="NEnumElemDecl.cpp">
      <Filter>08 Enum</Filter>
    </ClCompile>
    <ClCompile Include="NEnumElemVarDecl.cpp">
      <Filter>08 Enum</Filter>
    </ClCompile>
    <ClCompile Include="NGlobalFuncDecl.cpp">
      <Filter>05 TopLevel</Filter>
    </ClCompile>
    <ClCompile Include="NInterfaceDecl.cpp">
      <Filter>09 Interface</Filter>
    </ClCompile>
    <ClCompile Include="NLambdaDecl.cpp">
      <Filter>10 Lambda</Filter>
    </ClCompile>
    <ClCompile Include="NLambdaVarDecl.cpp">
      <Filter>10 Lambda</Filter>
    </ClCompile>
    <ClCompile Include="NModule.cpp">
      <Filter>05 TopLevel</Filter>
    </ClCompile>
    <ClCompile Include="NNamespaceDecl.cpp">
      <Filter>05 TopLevel</Filter>
    </ClCompile>
    <ClCompile Include="NNamespaceDeclContainerComponent.cpp">
      <Filter>04 Components</Filter>
    </ClCompile>
    <ClCompile Include="NStructCtorDecl.cpp">
      <Filter>07 Struct</Filter>
    </ClCompile>
    <ClCompile Include="NStructDecl.cpp">
      <Filter>07 Struct</Filter>
    </ClCompile>
    <ClCompile Include="NStructFuncDecl.cpp">
      <Filter>07 Struct</Filter>
    </ClCompile>
    <ClCompile Include="NStructVarDecl.cpp">
      <Filter>07 Struct</Filter>
    </ClCompile>
    <ClCompile Include="NTypeDeclContainerComponent.cpp">
      <Filter>04 Components</Filter>
    </ClCompile>
    <ClCompile Include="NStructDtorDecl.cpp">
      <Filter>07 Struct</Filter>
    </ClCompile>
    <ClCompile Include="NTypeParamDecl.cpp">
      <Filter>11 Generics</Filter>
    </ClCompile>
    <ClCompile Include="NGenericsComponent.cpp">
      <Filter>04 Components</Filter>
    </ClCompile>
    <ClCompile Include="NFuncDeclOuter.cpp">
      <Filter>03 Func</Filter>
    </ClCompile>
  </ItemGroup>
</Project>