<?xml version="1.0" encoding="utf-8"?>
<Project ToolsVersion="4.0" xmlns="http://schemas.microsoft.com/developer/msbuild/2003">
  <ItemGroup>
    <Filter Include="Public Headers">
      <UniqueIdentifier>{f7d062b3-085a-4c7e-b17c-6a51dd4b3c71}</UniqueIdentifier>
    </Filter>
    <Filter Include="QAbi">
      <UniqueIdentifier>{d5433f95-1896-43aa-a18a-594bc27da441}</UniqueIdentifier>
    </Filter>
    <Filter Include="QIntrinsic">
      <UniqueIdentifier>{fd84025d-bd14-4ebb-a1ef-2c5dd3739cf3}</UniqueIdentifier>
    </Filter>
  </ItemGroup>
  <ItemGroup>
    <ClInclude Include="Public\IR0IR1Translator\IR0IR1Translator.h">
      <Filter>Public Headers</Filter>
    </ClInclude>
    <ClInclude Include="Public\IR0IR1Translator\IR0IR1TranslatorConfig.h">
      <Filter>Public Headers</Filter>
    </ClInclude>
    <ClInclude Include="MLocToQInsts.h" />
    <ClInclude Include="MStmtToQInsts.h" />
    <ClInclude Include="QBodyContext.h" />
    <ClInclude Include="CommonQInstsTranslation.h" />
    <ClInclude Include="QScopeGuard.h" />
    <ClInclude Include="MReadToQInsts.h" />
    <ClInclude Include="MCreateToQInsts.h" />
    <ClInclude Include="QTranslationContexts.h" />
    <ClInclude Include="QEmitState.h" />
    <ClInclude Include="QJumpBlockInfo.h" />
    <ClInclude Include="QMisc.h" />
    <ClInclude Include="QLazyBlock.h" />
    <ClInclude Include="QAbi.h">
      <Filter>QAbi</Filter>
    </ClInclude>
    <ClInclude Include="QFuncInfo.h">
      <Filter>QAbi</Filter>
    </ClInclude>
    <ClInclude Include="QAbi_Citron_X64.h">
      <Filter>QAbi</Filter>
    </ClInclude>
    <ClInclude Include="MqFactory.h" />
    <ClInclude Include="MqIntrinsicInfo.h">
      <Filter>QIntrinsic</Filter>
    </ClInclude>
  </ItemGroup>
  <ItemGroup>
    <ClCompile Include="IR0IR1Translator.cpp" />
    <ClCompile Include="MLocToQInsts.cpp" />
    <ClCompile Include="MStmtToQInsts.cpp" />
    <ClCompile Include="QBodyContext.cpp" />
    <ClCompile Include="CommonQInstsTranslation.cpp" />
    <ClCompile Include="MReadToQInsts.cpp" />
    <ClCompile Include="MCreateToQInsts.cpp" />
    <ClCompile Include="QEmitState.cpp" />
    <ClCompile Include="QLazyBlock.cpp" />
    <ClCompile Include="QAbi_Citron_X64.cpp">
      <Filter>QAbi</Filter>
    </ClCompile>
    <ClCompile Include="QTranslationContexts.cpp" />
    <ClCompile Include="MqFactory.cpp" />
    <ClCompile Include="MqIntrinsicInfo.cpp">
      <Filter>QIntrinsic</Filter>
    </ClCompile>
  </ItemGroup>
</Project>