<?xml version="1.0" encoding="utf-8"?>
<Project ToolsVersion="4.0" xmlns="http://schemas.microsoft.com/developer/msbuild/2003">
  <ItemGroup>
    <Filter Include="Public Headers">
      <UniqueIdentifier>{982771e9-39c7-46db-80e7-4fbd23c74573}</UniqueIdentifier>
    </Filter>
  </ItemGroup>
  <ItemGroup>
    <ClInclude Include="pch.h" />
    <ClInclude Include="..\..\include\Syntax\AccessModifierSyntax.h">
      <Filter>Public Headers</Filter>
    </ClInclude>
    <ClInclude Include="..\..\include\Syntax\ArgumentSyntax.h">
      <Filter>Public Headers</Filter>
    </ClInclude>
    <ClInclude Include="..\..\include\Syntax\BinaryOpSyntaxKind.h">
      <Filter>Public Headers</Filter>
    </ClInclude>
    <ClInclude Include="..\..\include\Syntax\ClassDeclSyntax.h">
      <Filter>Public Headers</Filter>
    </ClInclude>
    <ClInclude Include="..\..\include\Syntax\ClassMemberDeclSyntaxes.h">
      <Filter>Public Headers</Filter>
    </ClInclude>
    <ClInclude Include="..\..\include\Syntax\EmbeddableStmtSyntaxes.h">
      <Filter>Public Headers</Filter>
    </ClInclude>
    <ClInclude Include="..\..\include\Syntax\EnumDeclSyntax.h">
      <Filter>Public Headers</Filter>
    </ClInclude>
    <ClInclude Include="..\..\include\Syntax\ExpSyntaxes.h">
      <Filter>Public Headers</Filter>
    </ClInclude>
    <ClInclude Include="..\..\include\Syntax\ForStmtInitializerSyntaxes.h">
      <Filter>Public Headers</Filter>
    </ClInclude>
    <ClInclude Include="..\..\include\Syntax\FuncParamSyntax.h">
      <Filter>Public Headers</Filter>
    </ClInclude>
    <ClInclude Include="..\..\include\Syntax\GlobalFuncDeclSyntax.h">
      <Filter>Public Headers</Filter>
    </ClInclude>
    <ClInclude Include="..\..\include\Syntax\NamespaceDeclSyntax.h">
      <Filter>Public Headers</Filter>
    </ClInclude>
    <ClInclude Include="..\..\include\Syntax\NamespaceSyntaxElements.h">
      <Filter>Public Headers</Filter>
    </ClInclude>
    <ClInclude Include="..\..\include\Syntax\ScriptSyntaxElements.h">
      <Filter>Public Headers</Filter>
    </ClInclude>
    <ClInclude Include="..\..\include\Syntax\ScriptSyntax.h">
      <Filter>Public Headers</Filter>
    </ClInclude>
    <ClInclude Include="..\..\include\Syntax\StmtSyntaxes.h">
      <Filter>Public Headers</Filter>
    </ClInclude>
    <ClInclude Include="..\..\include\Syntax\StringExpSyntaxElements.h">
      <Filter>Public Headers</Filter>
    </ClInclude>
    <ClInclude Include="..\..\include\Syntax\StructDeclSyntax.h">
      <Filter>Public Headers</Filter>
    </ClInclude>
    <ClInclude Include="..\..\include\Syntax\StructMemberDeclSyntaxes.h">
      <Filter>Public Headers</Filter>
    </ClInclude>
    <ClInclude Include="..\..\include\Syntax\SyntaxConfig.h">
      <Filter>Public Headers</Filter>
    </ClInclude>
    <ClInclude Include="..\..\include\Syntax\SyntaxMacros.h">
      <Filter>Public Headers</Filter>
    </ClInclude>
    <ClInclude Include="..\..\include\Syntax\Tokens.h">
      <Filter>Public Headers</Filter>
    </ClInclude>
    <ClInclude Include="..\..\include\Syntax\TypeDeclSyntax.h">
      <Filter>Public Headers</Filter>
    </ClInclude>
    <ClInclude Include="..\..\include\Syntax\TypeExpSyntaxes.h">
      <Filter>Public Headers</Filter>
    </ClInclude>
    <ClInclude Include="..\..\include\Syntax\TypeParamSyntax.h">
      <Filter>Public Headers</Filter>
    </ClInclude>
    <ClInclude Include="..\..\include\Syntax\UnaryOpSyntaxKind.h">
      <Filter>Public Headers</Filter>
    </ClInclude>
    <ClInclude Include="..\..\include\Syntax\VarDeclSyntax.h">
      <Filter>Public Headers</Filter>
    </ClInclude>
  </ItemGroup>
  <ItemGroup>
    <ClCompile Include="pch.cpp" />
    <ClCompile Include="Tokens.cpp" />
    <ClCompile Include="TypeExpSyntaxes.cpp" />
    <ClCompile Include="ExpSyntaxes.cpp" />
    <ClCompile Include="StmtSyntaxes.cpp" />
    <ClCompile Include="ClassMemberDeclSyntaxes.cpp" />
    <ClCompile Include="EmbeddableStmtSyntaxes.cpp" />
    <ClCompile Include="NamespaceDeclSyntax.cpp" />
    <ClCompile Include="StructMemberDeclSyntaxes.cpp" />
    <ClCompile Include="ClassDeclSyntax.cpp" />
    <ClCompile Include="EnumDeclSyntax.cpp" />
    <ClCompile Include="StructDeclSyntax.cpp" />
  </ItemGroup>
</Project>