<?xml version="1.0" encoding="utf-8"?>
<Project ToolsVersion="4.0" xmlns="http://schemas.microsoft.com/developer/msbuild/2003">
  <ItemGroup>
    <ClInclude Include="Public\Infra\InfraConfig.h">
      <Filter>Public Headers</Filter>
    </ClInclude>
    <ClInclude Include="Public\Infra\Defaults.h">
      <Filter>Public Headers</Filter>
    </ClInclude>
  </ItemGroup>
  <ItemGroup>
    <ClCompile Include="Json.cpp" />
    <ClCompile Include="StringWriter.cpp" />
    <ClCompile Include="Copy.ixx">
      <Filter>Public Headers</Filter>
    </ClCompile>
    <ClCompile Include="Exceptions.ixx">
      <Filter>Public Headers</Filter>
    </ClCompile>
    <ClCompile Include="Hash.ixx">
      <Filter>Public Headers</Filter>
    </ClCompile>
    <ClCompile Include="Indirect.ixx">
      <Filter>Public Headers</Filter>
    </ClCompile>
    <ClCompile Include="IWriter.ixx">
      <Filter>Public Headers</Filter>
    </ClCompile>
    <ClCompile Include="Json.ixx">
      <Filter>Public Headers</Filter>
    </ClCompile>
    <ClCompile Include="make_vector.ixx">
      <Filter>Public Headers</Filter>
    </ClCompile>
    <ClCompile Include="Ptr.ixx">
      <Filter>Public Headers</Filter>
    </ClCompile>
    <ClCompile Include="StringWriter.ixx">
      <Filter>Public Headers</Filter>
    </ClCompile>
    <ClCompile Include="Unreachable.ixx">
      <Filter>Public Headers</Filter>
    </ClCompile>
    <ClCompile Include="Variants.ixx">
      <Filter>Public Headers</Filter>
    </ClCompile>
  </ItemGroup>
  <ItemGroup>
    <Filter Include="Public Headers">
      <UniqueIdentifier>{fc7ce5fa-e9a1-42fe-a3b0-c034267085ed}</UniqueIdentifier>
    </Filter>
  </ItemGroup>
</Project>