<?xml version="1.0" encoding="utf-8"?>
<Project ToolsVersion="4.0" xmlns="http://schemas.microsoft.com/developer/msbuild/2003">
  <ItemGroup>
    <ClInclude Include="pch.h" />
    <ClInclude Include="..\..\include\Infra\Indirect.h">
      <Filter>Public</Filter>
    </ClInclude>
    <ClInclude Include="..\..\include\Infra\InfraConfig.h">
      <Filter>Public</Filter>
    </ClInclude>
  </ItemGroup>
  <ItemGroup>
    <ClCompile Include="pch.cpp" />
    <ClCompile Include="exports.cpp" />
  </ItemGroup>
  <ItemGroup>
    <Filter Include="Public">
      <UniqueIdentifier>{fc7ce5fa-e9a1-42fe-a3b0-c034267085ed}</UniqueIdentifier>
    </Filter>
  </ItemGroup>
</Project>