<?xml version="1.0" encoding="utf-8"?>
<Project ToolsVersion="4.0" xmlns="http://schemas.microsoft.com/developer/msbuild/2003">
  <ItemGroup>
    <ClInclude Include="pch.h" />
    <ClInclude Include="..\..\include\Infra\Indirect.h">
      <Filter>Public Headers</Filter>
    </ClInclude>
    <ClInclude Include="..\..\include\Infra\InfraConfig.h">
      <Filter>Public Headers</Filter>
    </ClInclude>
    <ClInclude Include="..\..\include\Infra\Json.h">
      <Filter>Public Headers</Filter>
    </ClInclude>
    <ClInclude Include="..\..\include\Infra\Unreachable.h">
      <Filter>Public Headers</Filter>
    </ClInclude>
    <ClInclude Include="..\..\include\Infra\IWriter.h">
      <Filter>Public Headers</Filter>
    </ClInclude>
    <ClInclude Include="..\..\include\Infra\StringWriter.h">
      <Filter>Public Headers</Filter>
    </ClInclude>
    <ClInclude Include="..\..\include\Infra\make_vector.h" />
  </ItemGroup>
  <ItemGroup>
    <ClCompile Include="pch.cpp" />
    <ClCompile Include="exports.cpp" />
    <ClCompile Include="Json.cpp" />
    <ClCompile Include="StringWriter.cpp" />
  </ItemGroup>
  <ItemGroup>
    <Filter Include="Public Headers">
      <UniqueIdentifier>{fc7ce5fa-e9a1-42fe-a3b0-c034267085ed}</UniqueIdentifier>
    </Filter>
  </ItemGroup>
  <ItemGroup>
    <None Include="vcpkg.json" />
    <None Include="vcpkg-configuration.json" />
  </ItemGroup>
</Project>