
Microsoft Visual Studio Solution File, Format Version 12.00
# Visual Studio Version 17
VisualStudioVersion = 17.5.33627.172
MinimumVisualStudioVersion = 10.0.40219.1
Project("{8BC9CEB8-8B4A-11D0-8D11-00A0C91BC942}") = "Syntax", "Syntax\Syntax.vcxproj", "{74D0511C-D9AE-44B9-9741-007E3B012565}"
EndProject
Project("{8BC9CEB8-8B4A-11D0-8D11-00A0C91BC942}") = "Parser", "Parser\Parser.vcxproj", "{D7B77EF3-CD7C-43A5-8D52-388A837BF05F}"
EndProject
Project("{8BC9CEB8-8B4A-11D0-8D11-00A0C91BC942}") = "TestConsole", "TestConsole\TestConsole.vcxproj", "{A2A34FD8-F8C6-4B7D-A690-A53B170FED70}"
EndProject
Project("{2150E333-8FDC-42A3-9474-1A3956D46DE8}") = "Solution Items", "Solution Items", "{C14BEBF7-2D17-4C4C-957B-520DACC5F0E0}"
	ProjectSection(SolutionItems) = preProject
		..\.editorconfig = ..\.editorconfig
		Common.props = Common.props
	EndProjectSection
EndProject
Project("{8BC9CEB8-8B4A-11D0-8D11-00A0C91BC942}") = "Infra", "Infra\Infra.vcxproj", "{8E2A32DB-279B-4C5C-96C0-BBEDE676EFBF}"
EndProject
Project("{8BC9CEB8-8B4A-11D0-8D11-00A0C91BC942}") = "TextAnalysis", "TextAnalysis\TextAnalysis.vcxproj", "{4BA9BA67-FC96-41BD-9938-3D61D05F89EE}"
EndProject
Project("{8BC9CEB8-8B4A-11D0-8D11-00A0C91BC942}") = "TextAnalysis.Tests", "TextAnalysis.Tests\TextAnalysis.Tests.vcxproj", "{04A949C6-45FB-4F4B-81CB-9DAD67F0BFEA}"
EndProject
Project("{2150E333-8FDC-42A3-9474-1A3956D46DE8}") = "Tools", "Tools", "{5B09B4B4-57E7-4C71-8D99-E5FD08E47E9F}"
EndProject
Project("{8BC9CEB8-8B4A-11D0-8D11-00A0C91BC942}") = "SyntaxPrinter", "Tools\SyntaxPrinter\SyntaxPrinter.vcxproj", "{798D24AB-A89E-4805-9326-6BF4EBE905B2}"
EndProject
Project("{8BC9CEB8-8B4A-11D0-8D11-00A0C91BC942}") = "TestGenerator", "Tools\TestGenerator\TestGenerator.vcxproj", "{4D11EE86-4C63-437F-BF7E-737F1B4F1B67}"
EndProject
Global
	GlobalSection(SolutionConfigurationPlatforms) = preSolution
		Debug|x64 = Debug|x64
		Debug|x86 = Debug|x86
		Release|x64 = Release|x64
		Release|x86 = Release|x86
	EndGlobalSection
	GlobalSection(ProjectConfigurationPlatforms) = postSolution
		{74D0511C-D9AE-44B9-9741-007E3B012565}.Debug|x64.ActiveCfg = Debug|x64
		{74D0511C-D9AE-44B9-9741-007E3B012565}.Debug|x64.Build.0 = Debug|x64
		{74D0511C-D9AE-44B9-9741-007E3B012565}.Debug|x86.ActiveCfg = Debug|Win32
		{74D0511C-D9AE-44B9-9741-007E3B012565}.Debug|x86.Build.0 = Debug|Win32
		{74D0511C-D9AE-44B9-9741-007E3B012565}.Release|x64.ActiveCfg = Release|x64
		{74D0511C-D9AE-44B9-9741-007E3B012565}.Release|x64.Build.0 = Release|x64
		{74D0511C-D9AE-44B9-9741-007E3B012565}.Release|x86.ActiveCfg = Release|Win32
		{74D0511C-D9AE-44B9-9741-007E3B012565}.Release|x86.Build.0 = Release|Win32
		{D7B77EF3-CD7C-43A5-8D52-388A837BF05F}.Debug|x64.ActiveCfg = Debug|x64
		{D7B77EF3-CD7C-43A5-8D52-388A837BF05F}.Debug|x64.Build.0 = Debug|x64
		{D7B77EF3-CD7C-43A5-8D52-388A837BF05F}.Debug|x86.ActiveCfg = Debug|Win32
		{D7B77EF3-CD7C-43A5-8D52-388A837BF05F}.Debug|x86.Build.0 = Debug|Win32
		{D7B77EF3-CD7C-43A5-8D52-388A837BF05F}.Release|x64.ActiveCfg = Release|x64
		{D7B77EF3-CD7C-43A5-8D52-388A837BF05F}.Release|x64.Build.0 = Release|x64
		{D7B77EF3-CD7C-43A5-8D52-388A837BF05F}.Release|x86.ActiveCfg = Release|Win32
		{D7B77EF3-CD7C-43A5-8D52-388A837BF05F}.Release|x86.Build.0 = Release|Win32
		{A2A34FD8-F8C6-4B7D-A690-A53B170FED70}.Debug|x64.ActiveCfg = Debug|x64
		{A2A34FD8-F8C6-4B7D-A690-A53B170FED70}.Debug|x64.Build.0 = Debug|x64
		{A2A34FD8-F8C6-4B7D-A690-A53B170FED70}.Debug|x86.ActiveCfg = Debug|Win32
		{A2A34FD8-F8C6-4B7D-A690-A53B170FED70}.Debug|x86.Build.0 = Debug|Win32
		{A2A34FD8-F8C6-4B7D-A690-A53B170FED70}.Release|x64.ActiveCfg = Release|x64
		{A2A34FD8-F8C6-4B7D-A690-A53B170FED70}.Release|x64.Build.0 = Release|x64
		{A2A34FD8-F8C6-4B7D-A690-A53B170FED70}.Release|x86.ActiveCfg = Release|Win32
		{A2A34FD8-F8C6-4B7D-A690-A53B170FED70}.Release|x86.Build.0 = Release|Win32
		{8E2A32DB-279B-4C5C-96C0-BBEDE676EFBF}.Debug|x64.ActiveCfg = Debug|x64
		{8E2A32DB-279B-4C5C-96C0-BBEDE676EFBF}.Debug|x64.Build.0 = Debug|x64
		{8E2A32DB-279B-4C5C-96C0-BBEDE676EFBF}.Debug|x86.ActiveCfg = Debug|Win32
		{8E2A32DB-279B-4C5C-96C0-BBEDE676EFBF}.Debug|x86.Build.0 = Debug|Win32
		{8E2A32DB-279B-4C5C-96C0-BBEDE676EFBF}.Release|x64.ActiveCfg = Release|x64
		{8E2A32DB-279B-4C5C-96C0-BBEDE676EFBF}.Release|x64.Build.0 = Release|x64
		{8E2A32DB-279B-4C5C-96C0-BBEDE676EFBF}.Release|x86.ActiveCfg = Release|Win32
		{8E2A32DB-279B-4C5C-96C0-BBEDE676EFBF}.Release|x86.Build.0 = Release|Win32
		{4BA9BA67-FC96-41BD-9938-3D61D05F89EE}.Debug|x64.ActiveCfg = Debug|x64
		{4BA9BA67-FC96-41BD-9938-3D61D05F89EE}.Debug|x64.Build.0 = Debug|x64
		{4BA9BA67-FC96-41BD-9938-3D61D05F89EE}.Debug|x86.ActiveCfg = Debug|Win32
		{4BA9BA67-FC96-41BD-9938-3D61D05F89EE}.Debug|x86.Build.0 = Debug|Win32
		{4BA9BA67-FC96-41BD-9938-3D61D05F89EE}.Release|x64.ActiveCfg = Release|x64
		{4BA9BA67-FC96-41BD-9938-3D61D05F89EE}.Release|x64.Build.0 = Release|x64
		{4BA9BA67-FC96-41BD-9938-3D61D05F89EE}.Release|x86.ActiveCfg = Release|Win32
		{4BA9BA67-FC96-41BD-9938-3D61D05F89EE}.Release|x86.Build.0 = Release|Win32
		{04A949C6-45FB-4F4B-81CB-9DAD67F0BFEA}.Debug|x64.ActiveCfg = Debug|x64
		{04A949C6-45FB-4F4B-81CB-9DAD67F0BFEA}.Debug|x64.Build.0 = Debug|x64
		{04A949C6-45FB-4F4B-81CB-9DAD67F0BFEA}.Debug|x86.ActiveCfg = Debug|Win32
		{04A949C6-45FB-4F4B-81CB-9DAD67F0BFEA}.Debug|x86.Build.0 = Debug|Win32
		{04A949C6-45FB-4F4B-81CB-9DAD67F0BFEA}.Release|x64.ActiveCfg = Release|x64
		{04A949C6-45FB-4F4B-81CB-9DAD67F0BFEA}.Release|x64.Build.0 = Release|x64
		{04A949C6-45FB-4F4B-81CB-9DAD67F0BFEA}.Release|x86.ActiveCfg = Release|Win32
		{04A949C6-45FB-4F4B-81CB-9DAD67F0BFEA}.Release|x86.Build.0 = Release|Win32
		{798D24AB-A89E-4805-9326-6BF4EBE905B2}.Debug|x64.ActiveCfg = Debug|x64
		{798D24AB-A89E-4805-9326-6BF4EBE905B2}.Debug|x64.Build.0 = Debug|x64
		{798D24AB-A89E-4805-9326-6BF4EBE905B2}.Debug|x86.ActiveCfg = Debug|Win32
		{798D24AB-A89E-4805-9326-6BF4EBE905B2}.Debug|x86.Build.0 = Debug|Win32
		{798D24AB-A89E-4805-9326-6BF4EBE905B2}.Release|x64.ActiveCfg = Release|x64
		{798D24AB-A89E-4805-9326-6BF4EBE905B2}.Release|x64.Build.0 = Release|x64
		{798D24AB-A89E-4805-9326-6BF4EBE905B2}.Release|x86.ActiveCfg = Release|Win32
		{798D24AB-A89E-4805-9326-6BF4EBE905B2}.Release|x86.Build.0 = Release|Win32
		{4D11EE86-4C63-437F-BF7E-737F1B4F1B67}.Debug|x64.ActiveCfg = Debug|x64
		{4D11EE86-4C63-437F-BF7E-737F1B4F1B67}.Debug|x64.Build.0 = Debug|x64
		{4D11EE86-4C63-437F-BF7E-737F1B4F1B67}.Debug|x86.ActiveCfg = Debug|Win32
		{4D11EE86-4C63-437F-BF7E-737F1B4F1B67}.Debug|x86.Build.0 = Debug|Win32
		{4D11EE86-4C63-437F-BF7E-737F1B4F1B67}.Release|x64.ActiveCfg = Release|x64
		{4D11EE86-4C63-437F-BF7E-737F1B4F1B67}.Release|x64.Build.0 = Release|x64
		{4D11EE86-4C63-437F-BF7E-737F1B4F1B67}.Release|x86.ActiveCfg = Release|Win32
		{4D11EE86-4C63-437F-BF7E-737F1B4F1B67}.Release|x86.Build.0 = Release|Win32
	EndGlobalSection
	GlobalSection(SolutionProperties) = preSolution
		HideSolutionNode = FALSE
	EndGlobalSection
	GlobalSection(NestedProjects) = preSolution
		{798D24AB-A89E-4805-9326-6BF4EBE905B2} = {5B09B4B4-57E7-4C71-8D99-E5FD08E47E9F}
		{4D11EE86-4C63-437F-BF7E-737F1B4F1B67} = {5B09B4B4-57E7-4C71-8D99-E5FD08E47E9F}
	EndGlobalSection
	GlobalSection(ExtensibilityGlobals) = postSolution
		SolutionGuid = {F083F54C-B466-40AB-8B84-BB7A6C1C040D}
	EndGlobalSection
EndGlobal
