
Microsoft Visual Studio Solution File, Format Version 12.00
# Visual Studio Version 17
VisualStudioVersion = 17.4.33122.133
MinimumVisualStudioVersion = 10.0.40219.1
Project("{9A19103F-16F7-4668-BE54-9A1E7A4F7556}") = "IR0Evaluator", "IR0Evaluator\IR0Evaluator.csproj", "{68E94A7B-2FD3-42EB-B50C-DFF2C2EDFB31}"
EndProject
Project("{9A19103F-16F7-4668-BE54-9A1E7A4F7556}") = "Infra", "Infra\Infra.csproj", "{D2BE3B91-E545-4D43-803B-C51FFA02EE6B}"
EndProject
Project("{9A19103F-16F7-4668-BE54-9A1E7A4F7556}") = "Runtime", "Runtime\Runtime.csproj", "{6FE6F400-81D1-4DBD-A066-DB5B31C1D87F}"
EndProject
Project("{9A19103F-16F7-4668-BE54-9A1E7A4F7556}") = "RuntimeModule", "RuntimeModule\RuntimeModule.csproj", "{023B5362-0CAD-4620-8D30-8EC4A16445A4}"
EndProject
Project("{9A19103F-16F7-4668-BE54-9A1E7A4F7556}") = "Syntax", "Syntax\Syntax.csproj", "{A4686AD9-7780-49C8-88E0-63E0BF9CD39A}"
EndProject
Project("{9A19103F-16F7-4668-BE54-9A1E7A4F7556}") = "TextAnalysis", "TextAnalysis\TextAnalysis.csproj", "{1C53C723-6A7C-4512-AA58-22A6A6CDF8B7}"
EndProject
Project("{9A19103F-16F7-4668-BE54-9A1E7A4F7556}") = "IR0Evaluator.Test", "Test\IR0Evaluator.Test\IR0Evaluator.Test.csproj", "{07E39217-02F1-479F-A003-38686D972045}"
EndProject
Project("{2150E333-8FDC-42A3-9474-1A3956D46DE8}") = "5_Test", "5_Test", "{3ADD1601-A675-4B34-93C8-FA453C5A835F}"
EndProject
Project("{9A19103F-16F7-4668-BE54-9A1E7A4F7556}") = "ModuleInfo.Test", "Test\ModuleInfo.Test\ModuleInfo.Test.csproj", "{C636CEFD-E170-4204-822F-130F851D6400}"
EndProject
Project("{9A19103F-16F7-4668-BE54-9A1E7A4F7556}") = "RuntimeModule.Test", "Test\RuntimeModule.Test\RuntimeModule.Test.csproj", "{6A6134B3-B08F-439B-9FF2-B99B87455374}"
EndProject
Project("{9A19103F-16F7-4668-BE54-9A1E7A4F7556}") = "IR0Translator.Test", "Test\IR0Translator.Test\IR0Translator.Test.csproj", "{4AD380FD-800C-43A4-9271-3273C0D01BBA}"
EndProject
Project("{9A19103F-16F7-4668-BE54-9A1E7A4F7556}") = "TextAnalysis.Test", "Test\TextAnalysis.Test\TextAnalysis.Test.csproj", "{37BA17B8-5A9D-4BD6-82B1-05E5624A1EC1}"
EndProject
Project("{9A19103F-16F7-4668-BE54-9A1E7A4F7556}") = "IR1", "IR1\IR1.csproj", "{E43CC8F8-4A58-4BC0-8AB5-4566A93BCD50}"
EndProject
Project("{9A19103F-16F7-4668-BE54-9A1E7A4F7556}") = "IR1Evaluator", "IR1Evaluator\IR1Evaluator.csproj", "{85D6134F-138F-4C54-B7C2-F3CBDF1782CC}"
EndProject
Project("{9A19103F-16F7-4668-BE54-9A1E7A4F7556}") = "IR1Evaluator.Test", "Test\IR1Evaluator.Test\IR1Evaluator.Test.csproj", "{C9D4F4D8-9F4C-494A-A969-4207A6F34C32}"
EndProject
Project("{9A19103F-16F7-4668-BE54-9A1E7A4F7556}") = "IR0", "IR0\IR0.csproj", "{3A5FF16B-BFE3-4709-AEF8-78D6D4C47372}"
EndProject
Project("{2150E333-8FDC-42A3-9474-1A3956D46DE8}") = "Solution Items", "Solution Items", "{2D1B512E-2AB0-4A25-AC04-7CFD361D298E}"
	ProjectSection(SolutionItems) = preProject
		.editorconfig = .editorconfig
		Directory.Build.props = Directory.Build.props
	EndProjectSection
EndProject
Project("{9A19103F-16F7-4668-BE54-9A1E7A4F7556}") = "ScratchPad", "App\ScratchPad\ScratchPad.csproj", "{E7E74AF4-FBE5-4949-BC6E-61E9BD42E301}"
EndProject
Project("{2150E333-8FDC-42A3-9474-1A3956D46DE8}") = "4_App", "4_App", "{1A6EEB17-CF65-4F76-9762-D458C5C3C123}"
EndProject
Project("{9A19103F-16F7-4668-BE54-9A1E7A4F7556}") = "Runner", "App\Runner\Runner.csproj", "{6706083D-25FA-4FE4-AD26-EA7B36974EB0}"
EndProject
Project("{9A19103F-16F7-4668-BE54-9A1E7A4F7556}") = "EvalTest", "Test\EvalTest\EvalTest.csproj", "{D3974216-E44F-4880-BDE2-3A70E4264C71}"
EndProject
Project("{9A19103F-16F7-4668-BE54-9A1E7A4F7556}") = "PrepareScratchPad", "Tools\PrepareScratchPad\PrepareScratchPad.csproj", "{6F50DDA9-A4D2-4837-BDDD-B6F9C6FFFAEF}"
EndProject
Project("{9A19103F-16F7-4668-BE54-9A1E7A4F7556}") = "Test.IntegrateTest", "Test\Test.IntegrateTest\Test.IntegrateTest.csproj", "{912082F6-3EAB-4C52-91E1-1A98EDA063D5}"
EndProject
Project("{9A19103F-16F7-4668-BE54-9A1E7A4F7556}") = "Test.Misc", "Test\Test.Misc\Test.Misc.csproj", "{424FE4E9-0B8A-4868-A884-F3558B5117E7}"
EndProject
Project("{9A19103F-16F7-4668-BE54-9A1E7A4F7556}") = "TestCodeExporter", "Tools\TestCodeExporter\TestCodeExporter.csproj", "{8761C047-BE00-40A1-BBCF-48E908AAF5D2}"
EndProject
Project("{9A19103F-16F7-4668-BE54-9A1E7A4F7556}") = "IR0NullRefAnalyzer", "IR0NullRefAnalyzer\IR0NullRefAnalyzer.csproj", "{D2530292-6338-4462-BB0B-71D552E91E29}"
EndProject
Project("{9A19103F-16F7-4668-BE54-9A1E7A4F7556}") = "IR0DataFlowAnalyzer", "IR0DataFlowAnalyzer\IR0DataFlowAnalyzer.csproj", "{FD081D11-E42B-4F82-90D5-1122CBEB9A41}"
EndProject
Project("{9A19103F-16F7-4668-BE54-9A1E7A4F7556}") = "Log", "Log\Log.csproj", "{DF579C44-A163-46F8-BBC0-B540BB5B4B8B}"
EndProject
Project("{2150E333-8FDC-42A3-9474-1A3956D46DE8}") = "2_Analysis", "2_Analysis", "{57D000C2-0C20-4985-A40C-B2189F64F155}"
EndProject
Project("{9A19103F-16F7-4668-BE54-9A1E7A4F7556}") = "Evaluator", "Evaluator\Evaluator.csproj", "{E732B591-7CD7-450B-89F5-D43022B00B76}"
EndProject
Project("{9A19103F-16F7-4668-BE54-9A1E7A4F7556}") = "TestMiscSourceGenerator", "Test\TestMiscSourceGenerator\TestMiscSourceGenerator.csproj", "{6DB28C78-BE21-48ED-B0B2-196857BC16DB}"
EndProject
Project("{2150E333-8FDC-42A3-9474-1A3956D46DE8}") = "01_TextAnalysis", "01_TextAnalysis", "{A9FE7188-41B2-46ED-B76A-42B96CD4F668}"
EndProject
Project("{2150E333-8FDC-42A3-9474-1A3956D46DE8}") = "1_Core", "1_Core", "{4999BA58-F451-47BB-AAE9-2133BBC99B76}"
EndProject
Project("{2150E333-8FDC-42A3-9474-1A3956D46DE8}") = "03_IR0Analysis", "03_IR0Analysis", "{014163E7-9689-4329-99C3-4B03ED9F58E7}"
EndProject
Project("{2150E333-8FDC-42A3-9474-1A3956D46DE8}") = "02_SyntaxAnalysis", "02_SyntaxAnalysis", "{8F25ED68-EF41-4E3C-89DE-C7EBBF136643}"
EndProject
Project("{2150E333-8FDC-42A3-9474-1A3956D46DE8}") = "3_Evaluator", "3_Evaluator", "{6380758B-999C-41BD-92FF-2EEFEE049206}"
EndProject
Project("{2150E333-8FDC-42A3-9474-1A3956D46DE8}") = "0_Infra", "0_Infra", "{DB52667F-0993-49D9-B177-77B9D3DDA5EB}"
EndProject
Project("{9A19103F-16F7-4668-BE54-9A1E7A4F7556}") = "Symbol", "Symbol\Symbol.csproj", "{AF31D5A0-E2A2-4293-A204-74CFC77D3A84}"
EndProject
Project("{9A19103F-16F7-4668-BE54-9A1E7A4F7556}") = "SyntaxIR0Translator", "SyntaxIR0Translator\SyntaxIR0Translator.csproj", "{C9A14BFF-795E-4346-A345-25EDA7E9AC98}"
EndProject
Project("{9A19103F-16F7-4668-BE54-9A1E7A4F7556}") = "SyntaxIR0Translator.Tests", "SyntaxIR0Translator.Tests\SyntaxIR0Translator.Tests.csproj", "{591C4B05-D16D-4032-B7CE-008E8B7A99E8}"
EndProject
Project("{2150E333-8FDC-42A3-9474-1A3956D46DE8}") = "6_Tool", "6_Tool", "{04D3A745-A3E7-431B-8590-A1F4C0FAA5E9}"
EndProject
Project("{FAE04EC0-301F-11D3-BF4B-00C04F79EFBC}") = "FindNonUTF8Texts", "Tools\FindNonUTF8Texts\FindNonUTF8Texts.csproj", "{71728269-738E-4105-85E2-0FCBF1B14B46}"
EndProject
Project("{9A19103F-16F7-4668-BE54-9A1E7A4F7556}") = "ExtractTestsFromDocs", "Tools\ExtractTestsFromDocs\ExtractTestsFromDocs.csproj", "{7A17E8FC-856B-438B-937D-30B77ABB481D}"
EndProject
Global
	GlobalSection(SolutionConfigurationPlatforms) = preSolution
		Debug|Any CPU = Debug|Any CPU
		Release|Any CPU = Release|Any CPU
	EndGlobalSection
	GlobalSection(ProjectConfigurationPlatforms) = postSolution
		{68E94A7B-2FD3-42EB-B50C-DFF2C2EDFB31}.Debug|Any CPU.ActiveCfg = Debug|Any CPU
		{68E94A7B-2FD3-42EB-B50C-DFF2C2EDFB31}.Debug|Any CPU.Build.0 = Debug|Any CPU
		{68E94A7B-2FD3-42EB-B50C-DFF2C2EDFB31}.Release|Any CPU.ActiveCfg = Release|Any CPU
		{68E94A7B-2FD3-42EB-B50C-DFF2C2EDFB31}.Release|Any CPU.Build.0 = Release|Any CPU
		{D2BE3B91-E545-4D43-803B-C51FFA02EE6B}.Debug|Any CPU.ActiveCfg = Debug|Any CPU
		{D2BE3B91-E545-4D43-803B-C51FFA02EE6B}.Debug|Any CPU.Build.0 = Debug|Any CPU
		{D2BE3B91-E545-4D43-803B-C51FFA02EE6B}.Release|Any CPU.ActiveCfg = Release|Any CPU
		{D2BE3B91-E545-4D43-803B-C51FFA02EE6B}.Release|Any CPU.Build.0 = Release|Any CPU
		{6FE6F400-81D1-4DBD-A066-DB5B31C1D87F}.Debug|Any CPU.ActiveCfg = Debug|Any CPU
		{6FE6F400-81D1-4DBD-A066-DB5B31C1D87F}.Release|Any CPU.ActiveCfg = Release|Any CPU
		{6FE6F400-81D1-4DBD-A066-DB5B31C1D87F}.Release|Any CPU.Build.0 = Release|Any CPU
		{023B5362-0CAD-4620-8D30-8EC4A16445A4}.Debug|Any CPU.ActiveCfg = Debug|Any CPU
		{023B5362-0CAD-4620-8D30-8EC4A16445A4}.Release|Any CPU.ActiveCfg = Release|Any CPU
		{023B5362-0CAD-4620-8D30-8EC4A16445A4}.Release|Any CPU.Build.0 = Release|Any CPU
		{A4686AD9-7780-49C8-88E0-63E0BF9CD39A}.Debug|Any CPU.ActiveCfg = Debug|Any CPU
		{A4686AD9-7780-49C8-88E0-63E0BF9CD39A}.Debug|Any CPU.Build.0 = Debug|Any CPU
		{A4686AD9-7780-49C8-88E0-63E0BF9CD39A}.Release|Any CPU.ActiveCfg = Release|Any CPU
		{A4686AD9-7780-49C8-88E0-63E0BF9CD39A}.Release|Any CPU.Build.0 = Release|Any CPU
		{1C53C723-6A7C-4512-AA58-22A6A6CDF8B7}.Debug|Any CPU.ActiveCfg = Debug|Any CPU
		{1C53C723-6A7C-4512-AA58-22A6A6CDF8B7}.Debug|Any CPU.Build.0 = Debug|Any CPU
		{1C53C723-6A7C-4512-AA58-22A6A6CDF8B7}.Release|Any CPU.ActiveCfg = Release|Any CPU
		{1C53C723-6A7C-4512-AA58-22A6A6CDF8B7}.Release|Any CPU.Build.0 = Release|Any CPU
		{07E39217-02F1-479F-A003-38686D972045}.Debug|Any CPU.ActiveCfg = Debug|Any CPU
		{07E39217-02F1-479F-A003-38686D972045}.Debug|Any CPU.Build.0 = Debug|Any CPU
		{07E39217-02F1-479F-A003-38686D972045}.Release|Any CPU.ActiveCfg = Release|Any CPU
		{07E39217-02F1-479F-A003-38686D972045}.Release|Any CPU.Build.0 = Release|Any CPU
		{C636CEFD-E170-4204-822F-130F851D6400}.Debug|Any CPU.ActiveCfg = Debug|Any CPU
		{C636CEFD-E170-4204-822F-130F851D6400}.Release|Any CPU.ActiveCfg = Release|Any CPU
		{C636CEFD-E170-4204-822F-130F851D6400}.Release|Any CPU.Build.0 = Release|Any CPU
		{6A6134B3-B08F-439B-9FF2-B99B87455374}.Debug|Any CPU.ActiveCfg = Debug|Any CPU
		{6A6134B3-B08F-439B-9FF2-B99B87455374}.Release|Any CPU.ActiveCfg = Release|Any CPU
		{6A6134B3-B08F-439B-9FF2-B99B87455374}.Release|Any CPU.Build.0 = Release|Any CPU
		{4AD380FD-800C-43A4-9271-3273C0D01BBA}.Debug|Any CPU.ActiveCfg = Debug|Any CPU
		{4AD380FD-800C-43A4-9271-3273C0D01BBA}.Release|Any CPU.ActiveCfg = Release|Any CPU
		{4AD380FD-800C-43A4-9271-3273C0D01BBA}.Release|Any CPU.Build.0 = Release|Any CPU
		{37BA17B8-5A9D-4BD6-82B1-05E5624A1EC1}.Debug|Any CPU.ActiveCfg = Debug|Any CPU
		{37BA17B8-5A9D-4BD6-82B1-05E5624A1EC1}.Debug|Any CPU.Build.0 = Debug|Any CPU
		{37BA17B8-5A9D-4BD6-82B1-05E5624A1EC1}.Release|Any CPU.ActiveCfg = Release|Any CPU
		{37BA17B8-5A9D-4BD6-82B1-05E5624A1EC1}.Release|Any CPU.Build.0 = Release|Any CPU
		{E43CC8F8-4A58-4BC0-8AB5-4566A93BCD50}.Debug|Any CPU.ActiveCfg = Debug|Any CPU
		{E43CC8F8-4A58-4BC0-8AB5-4566A93BCD50}.Release|Any CPU.ActiveCfg = Release|Any CPU
		{E43CC8F8-4A58-4BC0-8AB5-4566A93BCD50}.Release|Any CPU.Build.0 = Release|Any CPU
		{85D6134F-138F-4C54-B7C2-F3CBDF1782CC}.Debug|Any CPU.ActiveCfg = Debug|Any CPU
		{85D6134F-138F-4C54-B7C2-F3CBDF1782CC}.Release|Any CPU.ActiveCfg = Release|Any CPU
		{85D6134F-138F-4C54-B7C2-F3CBDF1782CC}.Release|Any CPU.Build.0 = Release|Any CPU
		{C9D4F4D8-9F4C-494A-A969-4207A6F34C32}.Debug|Any CPU.ActiveCfg = Debug|Any CPU
		{C9D4F4D8-9F4C-494A-A969-4207A6F34C32}.Release|Any CPU.ActiveCfg = Release|Any CPU
		{C9D4F4D8-9F4C-494A-A969-4207A6F34C32}.Release|Any CPU.Build.0 = Release|Any CPU
		{3A5FF16B-BFE3-4709-AEF8-78D6D4C47372}.Debug|Any CPU.ActiveCfg = Debug|Any CPU
		{3A5FF16B-BFE3-4709-AEF8-78D6D4C47372}.Debug|Any CPU.Build.0 = Debug|Any CPU
		{3A5FF16B-BFE3-4709-AEF8-78D6D4C47372}.Release|Any CPU.ActiveCfg = Release|Any CPU
		{3A5FF16B-BFE3-4709-AEF8-78D6D4C47372}.Release|Any CPU.Build.0 = Release|Any CPU
		{E7E74AF4-FBE5-4949-BC6E-61E9BD42E301}.Debug|Any CPU.ActiveCfg = Debug|Any CPU
		{E7E74AF4-FBE5-4949-BC6E-61E9BD42E301}.Release|Any CPU.ActiveCfg = Release|Any CPU
		{E7E74AF4-FBE5-4949-BC6E-61E9BD42E301}.Release|Any CPU.Build.0 = Release|Any CPU
		{6706083D-25FA-4FE4-AD26-EA7B36974EB0}.Debug|Any CPU.ActiveCfg = Debug|Any CPU
		{6706083D-25FA-4FE4-AD26-EA7B36974EB0}.Release|Any CPU.ActiveCfg = Release|Any CPU
		{6706083D-25FA-4FE4-AD26-EA7B36974EB0}.Release|Any CPU.Build.0 = Release|Any CPU
		{D3974216-E44F-4880-BDE2-3A70E4264C71}.Debug|Any CPU.ActiveCfg = Debug|Any CPU
		{D3974216-E44F-4880-BDE2-3A70E4264C71}.Release|Any CPU.ActiveCfg = Release|Any CPU
		{D3974216-E44F-4880-BDE2-3A70E4264C71}.Release|Any CPU.Build.0 = Release|Any CPU
		{D3974216-E44F-4880-BDE2-3A70E4264C71}.Debug|Any CPU.Build.0 = Debug|Any CPU
		{6F50DDA9-A4D2-4837-BDDD-B6F9C6FFFAEF}.Debug|Any CPU.ActiveCfg = Debug|Any CPU
		{6F50DDA9-A4D2-4837-BDDD-B6F9C6FFFAEF}.Release|Any CPU.ActiveCfg = Release|Any CPU
		{6F50DDA9-A4D2-4837-BDDD-B6F9C6FFFAEF}.Release|Any CPU.Build.0 = Release|Any CPU
		{912082F6-3EAB-4C52-91E1-1A98EDA063D5}.Debug|Any CPU.ActiveCfg = Debug|Any CPU
		{912082F6-3EAB-4C52-91E1-1A98EDA063D5}.Release|Any CPU.ActiveCfg = Release|Any CPU
		{912082F6-3EAB-4C52-91E1-1A98EDA063D5}.Release|Any CPU.Build.0 = Release|Any CPU
		{424FE4E9-0B8A-4868-A884-F3558B5117E7}.Debug|Any CPU.ActiveCfg = Debug|Any CPU
		{424FE4E9-0B8A-4868-A884-F3558B5117E7}.Debug|Any CPU.Build.0 = Debug|Any CPU
		{424FE4E9-0B8A-4868-A884-F3558B5117E7}.Release|Any CPU.ActiveCfg = Release|Any CPU
		{424FE4E9-0B8A-4868-A884-F3558B5117E7}.Release|Any CPU.Build.0 = Release|Any CPU
		{8761C047-BE00-40A1-BBCF-48E908AAF5D2}.Debug|Any CPU.ActiveCfg = Debug|Any CPU
		{8761C047-BE00-40A1-BBCF-48E908AAF5D2}.Release|Any CPU.ActiveCfg = Release|Any CPU
		{8761C047-BE00-40A1-BBCF-48E908AAF5D2}.Release|Any CPU.Build.0 = Release|Any CPU
		{D2530292-6338-4462-BB0B-71D552E91E29}.Debug|Any CPU.ActiveCfg = Debug|Any CPU
		{D2530292-6338-4462-BB0B-71D552E91E29}.Release|Any CPU.ActiveCfg = Release|Any CPU
		{D2530292-6338-4462-BB0B-71D552E91E29}.Release|Any CPU.Build.0 = Release|Any CPU
		{FD081D11-E42B-4F82-90D5-1122CBEB9A41}.Debug|Any CPU.ActiveCfg = Debug|Any CPU
		{FD081D11-E42B-4F82-90D5-1122CBEB9A41}.Release|Any CPU.ActiveCfg = Release|Any CPU
		{FD081D11-E42B-4F82-90D5-1122CBEB9A41}.Release|Any CPU.Build.0 = Release|Any CPU
		{DF579C44-A163-46F8-BBC0-B540BB5B4B8B}.Debug|Any CPU.ActiveCfg = Debug|Any CPU
		{DF579C44-A163-46F8-BBC0-B540BB5B4B8B}.Debug|Any CPU.Build.0 = Debug|Any CPU
		{DF579C44-A163-46F8-BBC0-B540BB5B4B8B}.Release|Any CPU.ActiveCfg = Release|Any CPU
		{DF579C44-A163-46F8-BBC0-B540BB5B4B8B}.Release|Any CPU.Build.0 = Release|Any CPU
		{E732B591-7CD7-450B-89F5-D43022B00B76}.Debug|Any CPU.ActiveCfg = Debug|Any CPU
		{E732B591-7CD7-450B-89F5-D43022B00B76}.Debug|Any CPU.Build.0 = Debug|Any CPU
		{E732B591-7CD7-450B-89F5-D43022B00B76}.Release|Any CPU.ActiveCfg = Release|Any CPU
		{E732B591-7CD7-450B-89F5-D43022B00B76}.Release|Any CPU.Build.0 = Release|Any CPU
		{6DB28C78-BE21-48ED-B0B2-196857BC16DB}.Debug|Any CPU.ActiveCfg = Debug|Any CPU
		{6DB28C78-BE21-48ED-B0B2-196857BC16DB}.Debug|Any CPU.Build.0 = Debug|Any CPU
		{6DB28C78-BE21-48ED-B0B2-196857BC16DB}.Release|Any CPU.ActiveCfg = Release|Any CPU
		{6DB28C78-BE21-48ED-B0B2-196857BC16DB}.Release|Any CPU.Build.0 = Release|Any CPU
		{AF31D5A0-E2A2-4293-A204-74CFC77D3A84}.Debug|Any CPU.ActiveCfg = Debug|Any CPU
		{AF31D5A0-E2A2-4293-A204-74CFC77D3A84}.Debug|Any CPU.Build.0 = Debug|Any CPU
		{AF31D5A0-E2A2-4293-A204-74CFC77D3A84}.Release|Any CPU.ActiveCfg = Release|Any CPU
		{AF31D5A0-E2A2-4293-A204-74CFC77D3A84}.Release|Any CPU.Build.0 = Release|Any CPU
		{C9A14BFF-795E-4346-A345-25EDA7E9AC98}.Debug|Any CPU.ActiveCfg = Debug|Any CPU
		{C9A14BFF-795E-4346-A345-25EDA7E9AC98}.Debug|Any CPU.Build.0 = Debug|Any CPU
		{C9A14BFF-795E-4346-A345-25EDA7E9AC98}.Release|Any CPU.ActiveCfg = Release|Any CPU
		{C9A14BFF-795E-4346-A345-25EDA7E9AC98}.Release|Any CPU.Build.0 = Release|Any CPU
		{591C4B05-D16D-4032-B7CE-008E8B7A99E8}.Debug|Any CPU.ActiveCfg = Debug|Any CPU
		{591C4B05-D16D-4032-B7CE-008E8B7A99E8}.Debug|Any CPU.Build.0 = Debug|Any CPU
		{591C4B05-D16D-4032-B7CE-008E8B7A99E8}.Release|Any CPU.ActiveCfg = Release|Any CPU
		{591C4B05-D16D-4032-B7CE-008E8B7A99E8}.Release|Any CPU.Build.0 = Release|Any CPU
		{71728269-738E-4105-85E2-0FCBF1B14B46}.Debug|Any CPU.ActiveCfg = Debug|Any CPU
		{71728269-738E-4105-85E2-0FCBF1B14B46}.Debug|Any CPU.Build.0 = Debug|Any CPU
		{71728269-738E-4105-85E2-0FCBF1B14B46}.Release|Any CPU.ActiveCfg = Release|Any CPU
		{71728269-738E-4105-85E2-0FCBF1B14B46}.Release|Any CPU.Build.0 = Release|Any CPU
		{7A17E8FC-856B-438B-937D-30B77ABB481D}.Debug|Any CPU.ActiveCfg = Debug|Any CPU
		{7A17E8FC-856B-438B-937D-30B77ABB481D}.Debug|Any CPU.Build.0 = Debug|Any CPU
		{7A17E8FC-856B-438B-937D-30B77ABB481D}.Release|Any CPU.ActiveCfg = Release|Any CPU
		{7A17E8FC-856B-438B-937D-30B77ABB481D}.Release|Any CPU.Build.0 = Release|Any CPU
	EndGlobalSection
	GlobalSection(SolutionProperties) = preSolution
		HideSolutionNode = FALSE
	EndGlobalSection
	GlobalSection(NestedProjects) = preSolution
		{68E94A7B-2FD3-42EB-B50C-DFF2C2EDFB31} = {6380758B-999C-41BD-92FF-2EEFEE049206}
		{D2BE3B91-E545-4D43-803B-C51FFA02EE6B} = {DB52667F-0993-49D9-B177-77B9D3DDA5EB}
		{A4686AD9-7780-49C8-88E0-63E0BF9CD39A} = {4999BA58-F451-47BB-AAE9-2133BBC99B76}
		{1C53C723-6A7C-4512-AA58-22A6A6CDF8B7} = {A9FE7188-41B2-46ED-B76A-42B96CD4F668}
		{07E39217-02F1-479F-A003-38686D972045} = {3ADD1601-A675-4B34-93C8-FA453C5A835F}
		{C636CEFD-E170-4204-822F-130F851D6400} = {3ADD1601-A675-4B34-93C8-FA453C5A835F}
		{6A6134B3-B08F-439B-9FF2-B99B87455374} = {3ADD1601-A675-4B34-93C8-FA453C5A835F}
		{4AD380FD-800C-43A4-9271-3273C0D01BBA} = {3ADD1601-A675-4B34-93C8-FA453C5A835F}
		{37BA17B8-5A9D-4BD6-82B1-05E5624A1EC1} = {3ADD1601-A675-4B34-93C8-FA453C5A835F}
		{E43CC8F8-4A58-4BC0-8AB5-4566A93BCD50} = {4999BA58-F451-47BB-AAE9-2133BBC99B76}
		{85D6134F-138F-4C54-B7C2-F3CBDF1782CC} = {6380758B-999C-41BD-92FF-2EEFEE049206}
		{C9D4F4D8-9F4C-494A-A969-4207A6F34C32} = {3ADD1601-A675-4B34-93C8-FA453C5A835F}
		{3A5FF16B-BFE3-4709-AEF8-78D6D4C47372} = {4999BA58-F451-47BB-AAE9-2133BBC99B76}
		{E7E74AF4-FBE5-4949-BC6E-61E9BD42E301} = {1A6EEB17-CF65-4F76-9762-D458C5C3C123}
		{6706083D-25FA-4FE4-AD26-EA7B36974EB0} = {1A6EEB17-CF65-4F76-9762-D458C5C3C123}
		{D3974216-E44F-4880-BDE2-3A70E4264C71} = {3ADD1601-A675-4B34-93C8-FA453C5A835F}
		{6F50DDA9-A4D2-4837-BDDD-B6F9C6FFFAEF} = {1A6EEB17-CF65-4F76-9762-D458C5C3C123}
		{912082F6-3EAB-4C52-91E1-1A98EDA063D5} = {3ADD1601-A675-4B34-93C8-FA453C5A835F}
		{424FE4E9-0B8A-4868-A884-F3558B5117E7} = {3ADD1601-A675-4B34-93C8-FA453C5A835F}
		{8761C047-BE00-40A1-BBCF-48E908AAF5D2} = {1A6EEB17-CF65-4F76-9762-D458C5C3C123}
		{D2530292-6338-4462-BB0B-71D552E91E29} = {014163E7-9689-4329-99C3-4B03ED9F58E7}
		{FD081D11-E42B-4F82-90D5-1122CBEB9A41} = {014163E7-9689-4329-99C3-4B03ED9F58E7}
		{DF579C44-A163-46F8-BBC0-B540BB5B4B8B} = {DB52667F-0993-49D9-B177-77B9D3DDA5EB}
		{E732B591-7CD7-450B-89F5-D43022B00B76} = {6380758B-999C-41BD-92FF-2EEFEE049206}
		{6DB28C78-BE21-48ED-B0B2-196857BC16DB} = {3ADD1601-A675-4B34-93C8-FA453C5A835F}
		{A9FE7188-41B2-46ED-B76A-42B96CD4F668} = {57D000C2-0C20-4985-A40C-B2189F64F155}
		{014163E7-9689-4329-99C3-4B03ED9F58E7} = {57D000C2-0C20-4985-A40C-B2189F64F155}
		{8F25ED68-EF41-4E3C-89DE-C7EBBF136643} = {57D000C2-0C20-4985-A40C-B2189F64F155}
		{AF31D5A0-E2A2-4293-A204-74CFC77D3A84} = {4999BA58-F451-47BB-AAE9-2133BBC99B76}
		{C9A14BFF-795E-4346-A345-25EDA7E9AC98} = {8F25ED68-EF41-4E3C-89DE-C7EBBF136643}
		{591C4B05-D16D-4032-B7CE-008E8B7A99E8} = {8F25ED68-EF41-4E3C-89DE-C7EBBF136643}
		{71728269-738E-4105-85E2-0FCBF1B14B46} = {04D3A745-A3E7-431B-8590-A1F4C0FAA5E9}
		{7A17E8FC-856B-438B-937D-30B77ABB481D} = {04D3A745-A3E7-431B-8590-A1F4C0FAA5E9}
	EndGlobalSection
	GlobalSection(ExtensibilityGlobals) = postSolution
		SolutionGuid = {36419831-5C03-4845-9F0B-52FBB4EC43A6}
	EndGlobalSection
	GlobalSection(MonoDevelopProperties) = preSolution
		Policies = $0
		$0.DotNetNamingPolicy = $1
		$0.TextStylePolicy = $2
		$2.inheritsSet = null
		$2.scope = text/x-csharp
		$0.CSharpFormattingPolicy = $3
		$3.scope = text/x-csharp
	EndGlobalSection
EndGlobal
