
Microsoft Visual Studio Solution File, Format Version 12.00
# Visual Studio 2013
VisualStudioVersion = 12.0.31101.0
MinimumVisualStudioVersion = 10.0.40219.1
Project("{FAE04EC0-301F-11D3-BF4B-00C04F79EFBC}") = "Gum.App.VM", "App.VM\Gum.App.VM.csproj", "{A1A3A0DE-AB02-448D-A911-FFAF49BD6A22}"
EndProject
Project("{FAE04EC0-301F-11D3-BF4B-00C04F79EFBC}") = "Test", "Test\Test.csproj", "{2883834C-8959-4476-A4EE-7982C7C99516}"
EndProject
Project("{FAE04EC0-301F-11D3-BF4B-00C04F79EFBC}") = "Gum.App.Compiler", "App.Compiler\Gum.App.Compiler.csproj", "{59F067FA-4420-4182-96E3-A7D01AC32E4A}"
EndProject
Project("{FAE04EC0-301F-11D3-BF4B-00C04F79EFBC}") = "Core.IL", "Core.IL\Core.IL.csproj", "{68F5A016-E914-44E8-92E9-D3D6A3834853}"
EndProject
Project("{2150E333-8FDC-42A3-9474-1A3956D46DE8}") = "0. Solution Items", "0. Solution Items", "{E7C99D09-6931-4AD7-A5F2-557505A9F404}"
	ProjectSection(SolutionItems) = preProject
		Gum.props = Gum.props
	EndProjectSection
EndProject
Project("{2150E333-8FDC-42A3-9474-1A3956D46DE8}") = "1. Core", "1. Core", "{D1289596-C29B-4F0A-9803-8AE7042A6120}"
EndProject
Project("{2150E333-8FDC-42A3-9474-1A3956D46DE8}") = "2. App", "2. App", "{ABB11A12-C083-42A2-AB1D-0F661DE8D9B8}"
EndProject
Project("{2150E333-8FDC-42A3-9474-1A3956D46DE8}") = "4. Test", "4. Test", "{A501C3CC-E29D-45E7-8BE1-487FFD154EF5}"
EndProject
Project("{FAE04EC0-301F-11D3-BF4B-00C04F79EFBC}") = "Gum.App.Compiler.UnitTest", "App.Compiler.UnitTest\Gum.App.Compiler.UnitTest.csproj", "{5C8D11C9-F683-46D0-8A71-1D3BA9FE3620}"
EndProject
Project("{FAE04EC0-301F-11D3-BF4B-00C04F79EFBC}") = "Gum.Test", "Gum.Test\Gum.Test.csproj", "{EF94A9DC-7FB8-4A2A-A0C9-078932ED7E4D}"
EndProject
Project("{FAE04EC0-301F-11D3-BF4B-00C04F79EFBC}") = "Gum.Core.AbstractSyntax", "Gum.Core.AbstractSyntax\Gum.Core.AbstractSyntax.csproj", "{E86D749B-9BAB-474F-B2AA-102BC5FA3E88}"
EndProject
Project("{FAE04EC0-301F-11D3-BF4B-00C04F79EFBC}") = "Gum.App.REPL", "Gum.App.REPL\Gum.App.REPL.csproj", "{660E3EDA-B89F-4A33-9B22-0AE72B925FB9}"
EndProject
Project("{FAE04EC0-301F-11D3-BF4B-00C04F79EFBC}") = "Gum.App.Gummy", "Gum.App.Gummy\Gum.App.Gummy.csproj", "{85B415C7-23FE-43D1-8BC3-1D946292556E}"
EndProject
Project("{FAE04EC0-301F-11D3-BF4B-00C04F79EFBC}") = "Gum.Core.Runtime", "Gum.Core.Runtime\Gum.Core.Runtime.csproj", "{78C4CE9B-1570-4DDC-9FC6-CABFCFE3D888}"
EndProject
Project("{FAE04EC0-301F-11D3-BF4B-00C04F79EFBC}") = "Gum.App.VM.Test", "Gum.App.VM.Test\Gum.App.VM.Test.csproj", "{F23C0F21-334E-4A9A-A0AF-63D2EABF6A0B}"
EndProject
Project("{FAE04EC0-301F-11D3-BF4B-00C04F79EFBC}") = "Gum.Lang", "Gum.Lang\Gum.Lang.csproj", "{FBEF3555-487F-48E9-906D-6BC1F89CE56D}"
	ProjectSection(ProjectDependencies) = postProject
		{6FE30322-6F96-4A6D-B79F-0C8C1D28B346} = {6FE30322-6F96-4A6D-B79F-0C8C1D28B346}
	EndProjectSection
EndProject
Project("{FAE04EC0-301F-11D3-BF4B-00C04F79EFBC}") = "Gum.Prerequisite", "Gum.Prerequisite\Gum.Prerequisite.csproj", "{6FE30322-6F96-4A6D-B79F-0C8C1D28B346}"
EndProject
Global
	GlobalSection(SolutionConfigurationPlatforms) = preSolution
		Debug|Any CPU = Debug|Any CPU
		Release|Any CPU = Release|Any CPU
	EndGlobalSection
	GlobalSection(ProjectConfigurationPlatforms) = postSolution
		{A1A3A0DE-AB02-448D-A911-FFAF49BD6A22}.Debug|Any CPU.ActiveCfg = Debug|Any CPU
		{A1A3A0DE-AB02-448D-A911-FFAF49BD6A22}.Release|Any CPU.ActiveCfg = Release|Any CPU
		{A1A3A0DE-AB02-448D-A911-FFAF49BD6A22}.Release|Any CPU.Build.0 = Release|Any CPU
		{2883834C-8959-4476-A4EE-7982C7C99516}.Debug|Any CPU.ActiveCfg = Debug|Any CPU
		{2883834C-8959-4476-A4EE-7982C7C99516}.Debug|Any CPU.Build.0 = Debug|Any CPU
		{2883834C-8959-4476-A4EE-7982C7C99516}.Release|Any CPU.ActiveCfg = Release|Any CPU
		{2883834C-8959-4476-A4EE-7982C7C99516}.Release|Any CPU.Build.0 = Release|Any CPU
		{59F067FA-4420-4182-96E3-A7D01AC32E4A}.Debug|Any CPU.ActiveCfg = Debug|Any CPU
		{59F067FA-4420-4182-96E3-A7D01AC32E4A}.Release|Any CPU.ActiveCfg = Release|Any CPU
		{59F067FA-4420-4182-96E3-A7D01AC32E4A}.Release|Any CPU.Build.0 = Release|Any CPU
		{68F5A016-E914-44E8-92E9-D3D6A3834853}.Debug|Any CPU.ActiveCfg = Debug|Any CPU
		{68F5A016-E914-44E8-92E9-D3D6A3834853}.Release|Any CPU.ActiveCfg = Release|Any CPU
		{68F5A016-E914-44E8-92E9-D3D6A3834853}.Release|Any CPU.Build.0 = Release|Any CPU
		{5C8D11C9-F683-46D0-8A71-1D3BA9FE3620}.Debug|Any CPU.ActiveCfg = Debug|Any CPU
		{5C8D11C9-F683-46D0-8A71-1D3BA9FE3620}.Debug|Any CPU.Build.0 = Debug|Any CPU
		{5C8D11C9-F683-46D0-8A71-1D3BA9FE3620}.Release|Any CPU.ActiveCfg = Release|Any CPU
		{5C8D11C9-F683-46D0-8A71-1D3BA9FE3620}.Release|Any CPU.Build.0 = Release|Any CPU
		{EF94A9DC-7FB8-4A2A-A0C9-078932ED7E4D}.Debug|Any CPU.ActiveCfg = Debug|Any CPU
		{EF94A9DC-7FB8-4A2A-A0C9-078932ED7E4D}.Debug|Any CPU.Build.0 = Debug|Any CPU
		{EF94A9DC-7FB8-4A2A-A0C9-078932ED7E4D}.Release|Any CPU.ActiveCfg = Release|Any CPU
		{EF94A9DC-7FB8-4A2A-A0C9-078932ED7E4D}.Release|Any CPU.Build.0 = Release|Any CPU
		{E86D749B-9BAB-474F-B2AA-102BC5FA3E88}.Debug|Any CPU.ActiveCfg = Debug|Any CPU
		{E86D749B-9BAB-474F-B2AA-102BC5FA3E88}.Release|Any CPU.ActiveCfg = Release|Any CPU
		{E86D749B-9BAB-474F-B2AA-102BC5FA3E88}.Release|Any CPU.Build.0 = Release|Any CPU
		{660E3EDA-B89F-4A33-9B22-0AE72B925FB9}.Debug|Any CPU.ActiveCfg = Debug|Any CPU
		{660E3EDA-B89F-4A33-9B22-0AE72B925FB9}.Debug|Any CPU.Build.0 = Debug|Any CPU
		{660E3EDA-B89F-4A33-9B22-0AE72B925FB9}.Release|Any CPU.ActiveCfg = Release|Any CPU
		{660E3EDA-B89F-4A33-9B22-0AE72B925FB9}.Release|Any CPU.Build.0 = Release|Any CPU
		{85B415C7-23FE-43D1-8BC3-1D946292556E}.Debug|Any CPU.ActiveCfg = Debug|Any CPU
		{85B415C7-23FE-43D1-8BC3-1D946292556E}.Debug|Any CPU.Build.0 = Debug|Any CPU
		{85B415C7-23FE-43D1-8BC3-1D946292556E}.Release|Any CPU.ActiveCfg = Release|Any CPU
		{85B415C7-23FE-43D1-8BC3-1D946292556E}.Release|Any CPU.Build.0 = Release|Any CPU
		{78C4CE9B-1570-4DDC-9FC6-CABFCFE3D888}.Debug|Any CPU.ActiveCfg = Debug|Any CPU
		{78C4CE9B-1570-4DDC-9FC6-CABFCFE3D888}.Release|Any CPU.ActiveCfg = Release|Any CPU
		{78C4CE9B-1570-4DDC-9FC6-CABFCFE3D888}.Release|Any CPU.Build.0 = Release|Any CPU
		{F23C0F21-334E-4A9A-A0AF-63D2EABF6A0B}.Debug|Any CPU.ActiveCfg = Debug|Any CPU
		{F23C0F21-334E-4A9A-A0AF-63D2EABF6A0B}.Release|Any CPU.ActiveCfg = Release|Any CPU
		{F23C0F21-334E-4A9A-A0AF-63D2EABF6A0B}.Release|Any CPU.Build.0 = Release|Any CPU
		{FBEF3555-487F-48E9-906D-6BC1F89CE56D}.Debug|Any CPU.ActiveCfg = Debug|Any CPU
		{FBEF3555-487F-48E9-906D-6BC1F89CE56D}.Debug|Any CPU.Build.0 = Debug|Any CPU
		{FBEF3555-487F-48E9-906D-6BC1F89CE56D}.Release|Any CPU.ActiveCfg = Release|Any CPU
		{FBEF3555-487F-48E9-906D-6BC1F89CE56D}.Release|Any CPU.Build.0 = Release|Any CPU
		{6FE30322-6F96-4A6D-B79F-0C8C1D28B346}.Debug|Any CPU.ActiveCfg = Debug|Any CPU
		{6FE30322-6F96-4A6D-B79F-0C8C1D28B346}.Debug|Any CPU.Build.0 = Debug|Any CPU
		{6FE30322-6F96-4A6D-B79F-0C8C1D28B346}.Release|Any CPU.ActiveCfg = Release|Any CPU
		{6FE30322-6F96-4A6D-B79F-0C8C1D28B346}.Release|Any CPU.Build.0 = Release|Any CPU
	EndGlobalSection
	GlobalSection(SolutionProperties) = preSolution
		HideSolutionNode = FALSE
	EndGlobalSection
	GlobalSection(NestedProjects) = preSolution
		{A1A3A0DE-AB02-448D-A911-FFAF49BD6A22} = {ABB11A12-C083-42A2-AB1D-0F661DE8D9B8}
		{2883834C-8959-4476-A4EE-7982C7C99516} = {A501C3CC-E29D-45E7-8BE1-487FFD154EF5}
		{59F067FA-4420-4182-96E3-A7D01AC32E4A} = {ABB11A12-C083-42A2-AB1D-0F661DE8D9B8}
		{68F5A016-E914-44E8-92E9-D3D6A3834853} = {D1289596-C29B-4F0A-9803-8AE7042A6120}
		{5C8D11C9-F683-46D0-8A71-1D3BA9FE3620} = {ABB11A12-C083-42A2-AB1D-0F661DE8D9B8}
		{EF94A9DC-7FB8-4A2A-A0C9-078932ED7E4D} = {A501C3CC-E29D-45E7-8BE1-487FFD154EF5}
		{E86D749B-9BAB-474F-B2AA-102BC5FA3E88} = {D1289596-C29B-4F0A-9803-8AE7042A6120}
		{660E3EDA-B89F-4A33-9B22-0AE72B925FB9} = {ABB11A12-C083-42A2-AB1D-0F661DE8D9B8}
		{85B415C7-23FE-43D1-8BC3-1D946292556E} = {ABB11A12-C083-42A2-AB1D-0F661DE8D9B8}
		{78C4CE9B-1570-4DDC-9FC6-CABFCFE3D888} = {D1289596-C29B-4F0A-9803-8AE7042A6120}
		{F23C0F21-334E-4A9A-A0AF-63D2EABF6A0B} = {ABB11A12-C083-42A2-AB1D-0F661DE8D9B8}
		{FBEF3555-487F-48E9-906D-6BC1F89CE56D} = {D1289596-C29B-4F0A-9803-8AE7042A6120}
		{6FE30322-6F96-4A6D-B79F-0C8C1D28B346} = {E7C99D09-6931-4AD7-A5F2-557505A9F404}
	EndGlobalSection
EndGlobal
